
Microsoft Visual Studio Solution File, Format Version 12.00
# Visual Studio 15
VisualStudioVersion = 15.0.27520.0
MinimumVisualStudioVersion = 10.0.40219.1
Project("{9A19103F-16F7-4668-BE54-9A1E7A4F7556}") = "Daddoon.Blazor.Xam.BlazorApp", "src\Daddoon.Blazor.Xam.BlazorApp\Daddoon.Blazor.Xam.BlazorApp.csproj", "{AE8C616B-8638-4B7F-8EA6-361F0B6B823F}"
EndProject
Project("{9A19103F-16F7-4668-BE54-9A1E7A4F7556}") = "Daddoon.Blazor.Xamarin", "src\Daddoon.Blazor.Xamarin\Daddoon.Blazor.Xamarin.csproj", "{C4E7F7B7-6078-4407-9E78-7CDD174A9F1D}"
EndProject
Project("{FAE04EC0-301F-11D3-BF4B-00C04F79EFBC}") = "Daddoon.Blazor.Xam.Template.Droid", "src\Daddoon.Blazor.Xam.Template.Android\Daddoon.Blazor.Xam.Template.Droid.csproj", "{C1FF3E05-FA69-4ABC-96C5-EF9F3089819A}"
EndProject
Project("{FAE04EC0-301F-11D3-BF4B-00C04F79EFBC}") = "Daddoon.Blazor.Xam.Template.iOS", "src\Daddoon.Blazor.Xam.Template.iOS\Daddoon.Blazor.Xam.Template.iOS.csproj", "{346D5002-31A8-4465-81B6-303E19C8BEFE}"
EndProject
Project("{FAE04EC0-301F-11D3-BF4B-00C04F79EFBC}") = "Daddoon.Blazor.Xam.Template.UWP", "src\Daddoon.Blazor.Xam.Template.UWP\Daddoon.Blazor.Xam.Template.UWP.csproj", "{A2B86F74-693D-416F-841B-61E67F0618AB}"
EndProject
Project("{2150E333-8FDC-42A3-9474-1A3956D46DE8}") = "Templates", "Templates", "{ACD7B449-ED19-4B4D-918D-AAB6204A6E68}"
EndProject
Project("{FAE04EC0-301F-11D3-BF4B-00C04F79EFBC}") = "Daddoon.Blazor.Xamarin.Android", "src\Daddoon.Blazor.Xamarin.Android\Daddoon.Blazor.Xamarin.Android.csproj", "{E97E970B-9B46-44FF-A19E-E7B7FA6AA671}"
EndProject
Project("{9A19103F-16F7-4668-BE54-9A1E7A4F7556}") = "Daddoon.Blazor.Xam.Template", "src\Daddoon.Blazor.Xam.Template\Daddoon.Blazor.Xam.Template.csproj", "{2D23861D-4EE5-4B72-A8E2-81725B81DE5F}"
EndProject
Project("{2150E333-8FDC-42A3-9474-1A3956D46DE8}") = "Core", "Core", "{4DF546F0-13E2-45A8-B63D-C28BC0D41A8B}"
EndProject
Project("{2150E333-8FDC-42A3-9474-1A3956D46DE8}") = "Test", "Test", "{024BFFE4-16B8-4603-9614-60882444D954}"
EndProject
Project("{9A19103F-16F7-4668-BE54-9A1E7A4F7556}") = "Daddoon.Blazor.Xam.InteropApp", "src\Daddoon.Blazor.Xam.InteropApp\Daddoon.Blazor.Xam.InteropApp.csproj", "{AF4EDF5B-354C-48DA-AC7D-9715C02E1795}"
EndProject
Project("{FAE04EC0-301F-11D3-BF4B-00C04F79EFBC}") = "Daddoon.Blazor.Xam.InteropApp.Android", "src\Daddoon.Blazor.Xam.InteropApp.Android\Daddoon.Blazor.Xam.InteropApp.Android.csproj", "{CE09DF20-2617-4F25-BDE3-B45EEBF3E094}"
EndProject
Project("{FAE04EC0-301F-11D3-BF4B-00C04F79EFBC}") = "Daddoon.Blazor.Xam.InteropApp.iOS", "src\Daddoon.Blazor.Xam.InteropApp.iOS\Daddoon.Blazor.Xam.InteropApp.iOS.csproj", "{E664C2D3-8AA5-43A0-BB09-03F79D7A840B}"
EndProject
Project("{FAE04EC0-301F-11D3-BF4B-00C04F79EFBC}") = "Daddoon.Blazor.Xam.InteropApp.UWP", "src\Daddoon.Blazor.Xam.InteropApp.UWP\Daddoon.Blazor.Xam.InteropApp.UWP.csproj", "{582E7E23-0E2B-4F3B-95C6-4869066C865E}"
	ProjectSection(ProjectDependencies) = postProject
		{5C099FA8-7AF5-4847-AD0E-B82503F69392} = {5C099FA8-7AF5-4847-AD0E-B82503F69392}
	EndProjectSection
EndProject
Project("{9A19103F-16F7-4668-BE54-9A1E7A4F7556}") = "Daddoon.Blazor.Xam.InteropBlazorApp", "src\Daddoon.Blazor.Xam.InteropBlazorApp\Daddoon.Blazor.Xam.InteropBlazorApp.csproj", "{5C099FA8-7AF5-4847-AD0E-B82503F69392}"
EndProject
Project("{FAE04EC0-301F-11D3-BF4B-00C04F79EFBC}") = "Daddoon.Blazor.Xamarin.UWP", "src\Daddoon.Blazor.Xamarin.UWP\Daddoon.Blazor.Xamarin.UWP.csproj", "{13E9CFFC-2F9E-4D40-B1AE-57F61E815642}"
EndProject
Project("{9A19103F-16F7-4668-BE54-9A1E7A4F7556}") = "Daddoon.Blazor.Xamarin.Common", "src\Daddoon.Blazor.Xamarin.Common\Daddoon.Blazor.Xamarin.Common.csproj", "{C212A056-8DEF-45D2-BB87-92E63886EFA2}"
EndProject
Project("{9A19103F-16F7-4668-BE54-9A1E7A4F7556}") = "Daddoon.Blazor.Xam.InteropApp.Common", "src\Daddoon.Blazor.Xam.InteropApp.Common\Daddoon.Blazor.Xam.InteropApp.Common.csproj", "{D2385CE8-C7E3-40D6-B2DB-8C4A4255A5AC}"
EndProject
Global
	GlobalSection(SolutionConfigurationPlatforms) = preSolution
		Ad-Hoc|Any CPU = Ad-Hoc|Any CPU
		Ad-Hoc|ARM = Ad-Hoc|ARM
		Ad-Hoc|iPhone = Ad-Hoc|iPhone
		Ad-Hoc|iPhoneSimulator = Ad-Hoc|iPhoneSimulator
		Ad-Hoc|x64 = Ad-Hoc|x64
		Ad-Hoc|x86 = Ad-Hoc|x86
		AppStore|Any CPU = AppStore|Any CPU
		AppStore|ARM = AppStore|ARM
		AppStore|iPhone = AppStore|iPhone
		AppStore|iPhoneSimulator = AppStore|iPhoneSimulator
		AppStore|x64 = AppStore|x64
		AppStore|x86 = AppStore|x86
		Debug|Any CPU = Debug|Any CPU
		Debug|ARM = Debug|ARM
		Debug|iPhone = Debug|iPhone
		Debug|iPhoneSimulator = Debug|iPhoneSimulator
		Debug|x64 = Debug|x64
		Debug|x86 = Debug|x86
		Release|Any CPU = Release|Any CPU
		Release|ARM = Release|ARM
		Release|iPhone = Release|iPhone
		Release|iPhoneSimulator = Release|iPhoneSimulator
		Release|x64 = Release|x64
		Release|x86 = Release|x86
	EndGlobalSection
	GlobalSection(ProjectConfigurationPlatforms) = postSolution
		{AE8C616B-8638-4B7F-8EA6-361F0B6B823F}.Ad-Hoc|Any CPU.ActiveCfg = Debug|Any CPU
		{AE8C616B-8638-4B7F-8EA6-361F0B6B823F}.Ad-Hoc|Any CPU.Build.0 = Debug|Any CPU
		{AE8C616B-8638-4B7F-8EA6-361F0B6B823F}.Ad-Hoc|ARM.ActiveCfg = Debug|Any CPU
		{AE8C616B-8638-4B7F-8EA6-361F0B6B823F}.Ad-Hoc|ARM.Build.0 = Debug|Any CPU
		{AE8C616B-8638-4B7F-8EA6-361F0B6B823F}.Ad-Hoc|iPhone.ActiveCfg = Debug|Any CPU
		{AE8C616B-8638-4B7F-8EA6-361F0B6B823F}.Ad-Hoc|iPhone.Build.0 = Debug|Any CPU
		{AE8C616B-8638-4B7F-8EA6-361F0B6B823F}.Ad-Hoc|iPhoneSimulator.ActiveCfg = Debug|Any CPU
		{AE8C616B-8638-4B7F-8EA6-361F0B6B823F}.Ad-Hoc|iPhoneSimulator.Build.0 = Debug|Any CPU
		{AE8C616B-8638-4B7F-8EA6-361F0B6B823F}.Ad-Hoc|x64.ActiveCfg = Debug|Any CPU
		{AE8C616B-8638-4B7F-8EA6-361F0B6B823F}.Ad-Hoc|x64.Build.0 = Debug|Any CPU
		{AE8C616B-8638-4B7F-8EA6-361F0B6B823F}.Ad-Hoc|x86.ActiveCfg = Debug|Any CPU
		{AE8C616B-8638-4B7F-8EA6-361F0B6B823F}.Ad-Hoc|x86.Build.0 = Debug|Any CPU
		{AE8C616B-8638-4B7F-8EA6-361F0B6B823F}.AppStore|Any CPU.ActiveCfg = Debug|Any CPU
		{AE8C616B-8638-4B7F-8EA6-361F0B6B823F}.AppStore|Any CPU.Build.0 = Debug|Any CPU
		{AE8C616B-8638-4B7F-8EA6-361F0B6B823F}.AppStore|ARM.ActiveCfg = Debug|Any CPU
		{AE8C616B-8638-4B7F-8EA6-361F0B6B823F}.AppStore|ARM.Build.0 = Debug|Any CPU
		{AE8C616B-8638-4B7F-8EA6-361F0B6B823F}.AppStore|iPhone.ActiveCfg = Debug|Any CPU
		{AE8C616B-8638-4B7F-8EA6-361F0B6B823F}.AppStore|iPhone.Build.0 = Debug|Any CPU
		{AE8C616B-8638-4B7F-8EA6-361F0B6B823F}.AppStore|iPhoneSimulator.ActiveCfg = Debug|Any CPU
		{AE8C616B-8638-4B7F-8EA6-361F0B6B823F}.AppStore|iPhoneSimulator.Build.0 = Debug|Any CPU
		{AE8C616B-8638-4B7F-8EA6-361F0B6B823F}.AppStore|x64.ActiveCfg = Debug|Any CPU
		{AE8C616B-8638-4B7F-8EA6-361F0B6B823F}.AppStore|x64.Build.0 = Debug|Any CPU
		{AE8C616B-8638-4B7F-8EA6-361F0B6B823F}.AppStore|x86.ActiveCfg = Debug|Any CPU
		{AE8C616B-8638-4B7F-8EA6-361F0B6B823F}.AppStore|x86.Build.0 = Debug|Any CPU
		{AE8C616B-8638-4B7F-8EA6-361F0B6B823F}.Debug|Any CPU.ActiveCfg = Debug|Any CPU
		{AE8C616B-8638-4B7F-8EA6-361F0B6B823F}.Debug|Any CPU.Build.0 = Debug|Any CPU
		{AE8C616B-8638-4B7F-8EA6-361F0B6B823F}.Debug|ARM.ActiveCfg = Debug|Any CPU
		{AE8C616B-8638-4B7F-8EA6-361F0B6B823F}.Debug|ARM.Build.0 = Debug|Any CPU
		{AE8C616B-8638-4B7F-8EA6-361F0B6B823F}.Debug|iPhone.ActiveCfg = Debug|Any CPU
		{AE8C616B-8638-4B7F-8EA6-361F0B6B823F}.Debug|iPhone.Build.0 = Debug|Any CPU
		{AE8C616B-8638-4B7F-8EA6-361F0B6B823F}.Debug|iPhoneSimulator.ActiveCfg = Debug|Any CPU
		{AE8C616B-8638-4B7F-8EA6-361F0B6B823F}.Debug|iPhoneSimulator.Build.0 = Debug|Any CPU
		{AE8C616B-8638-4B7F-8EA6-361F0B6B823F}.Debug|x64.ActiveCfg = Debug|Any CPU
		{AE8C616B-8638-4B7F-8EA6-361F0B6B823F}.Debug|x64.Build.0 = Debug|Any CPU
		{AE8C616B-8638-4B7F-8EA6-361F0B6B823F}.Debug|x86.ActiveCfg = Debug|Any CPU
		{AE8C616B-8638-4B7F-8EA6-361F0B6B823F}.Debug|x86.Build.0 = Debug|Any CPU
		{AE8C616B-8638-4B7F-8EA6-361F0B6B823F}.Release|Any CPU.ActiveCfg = Release|Any CPU
		{AE8C616B-8638-4B7F-8EA6-361F0B6B823F}.Release|Any CPU.Build.0 = Release|Any CPU
		{AE8C616B-8638-4B7F-8EA6-361F0B6B823F}.Release|ARM.ActiveCfg = Release|Any CPU
		{AE8C616B-8638-4B7F-8EA6-361F0B6B823F}.Release|ARM.Build.0 = Release|Any CPU
		{AE8C616B-8638-4B7F-8EA6-361F0B6B823F}.Release|iPhone.ActiveCfg = Release|Any CPU
		{AE8C616B-8638-4B7F-8EA6-361F0B6B823F}.Release|iPhone.Build.0 = Release|Any CPU
		{AE8C616B-8638-4B7F-8EA6-361F0B6B823F}.Release|iPhoneSimulator.ActiveCfg = Release|Any CPU
		{AE8C616B-8638-4B7F-8EA6-361F0B6B823F}.Release|iPhoneSimulator.Build.0 = Release|Any CPU
		{AE8C616B-8638-4B7F-8EA6-361F0B6B823F}.Release|x64.ActiveCfg = Release|Any CPU
		{AE8C616B-8638-4B7F-8EA6-361F0B6B823F}.Release|x64.Build.0 = Release|Any CPU
		{AE8C616B-8638-4B7F-8EA6-361F0B6B823F}.Release|x86.ActiveCfg = Release|Any CPU
		{AE8C616B-8638-4B7F-8EA6-361F0B6B823F}.Release|x86.Build.0 = Release|Any CPU
		{C4E7F7B7-6078-4407-9E78-7CDD174A9F1D}.Ad-Hoc|Any CPU.ActiveCfg = Debug|Any CPU
		{C4E7F7B7-6078-4407-9E78-7CDD174A9F1D}.Ad-Hoc|Any CPU.Build.0 = Debug|Any CPU
		{C4E7F7B7-6078-4407-9E78-7CDD174A9F1D}.Ad-Hoc|ARM.ActiveCfg = Debug|Any CPU
		{C4E7F7B7-6078-4407-9E78-7CDD174A9F1D}.Ad-Hoc|ARM.Build.0 = Debug|Any CPU
		{C4E7F7B7-6078-4407-9E78-7CDD174A9F1D}.Ad-Hoc|iPhone.ActiveCfg = Debug|Any CPU
		{C4E7F7B7-6078-4407-9E78-7CDD174A9F1D}.Ad-Hoc|iPhone.Build.0 = Debug|Any CPU
		{C4E7F7B7-6078-4407-9E78-7CDD174A9F1D}.Ad-Hoc|iPhoneSimulator.ActiveCfg = Debug|Any CPU
		{C4E7F7B7-6078-4407-9E78-7CDD174A9F1D}.Ad-Hoc|iPhoneSimulator.Build.0 = Debug|Any CPU
		{C4E7F7B7-6078-4407-9E78-7CDD174A9F1D}.Ad-Hoc|x64.ActiveCfg = Debug|Any CPU
		{C4E7F7B7-6078-4407-9E78-7CDD174A9F1D}.Ad-Hoc|x64.Build.0 = Debug|Any CPU
		{C4E7F7B7-6078-4407-9E78-7CDD174A9F1D}.Ad-Hoc|x86.ActiveCfg = Debug|Any CPU
		{C4E7F7B7-6078-4407-9E78-7CDD174A9F1D}.Ad-Hoc|x86.Build.0 = Debug|Any CPU
		{C4E7F7B7-6078-4407-9E78-7CDD174A9F1D}.AppStore|Any CPU.ActiveCfg = Debug|Any CPU
		{C4E7F7B7-6078-4407-9E78-7CDD174A9F1D}.AppStore|Any CPU.Build.0 = Debug|Any CPU
		{C4E7F7B7-6078-4407-9E78-7CDD174A9F1D}.AppStore|ARM.ActiveCfg = Debug|Any CPU
		{C4E7F7B7-6078-4407-9E78-7CDD174A9F1D}.AppStore|ARM.Build.0 = Debug|Any CPU
		{C4E7F7B7-6078-4407-9E78-7CDD174A9F1D}.AppStore|iPhone.ActiveCfg = Debug|Any CPU
		{C4E7F7B7-6078-4407-9E78-7CDD174A9F1D}.AppStore|iPhone.Build.0 = Debug|Any CPU
		{C4E7F7B7-6078-4407-9E78-7CDD174A9F1D}.AppStore|iPhoneSimulator.ActiveCfg = Debug|Any CPU
		{C4E7F7B7-6078-4407-9E78-7CDD174A9F1D}.AppStore|iPhoneSimulator.Build.0 = Debug|Any CPU
		{C4E7F7B7-6078-4407-9E78-7CDD174A9F1D}.AppStore|x64.ActiveCfg = Debug|Any CPU
		{C4E7F7B7-6078-4407-9E78-7CDD174A9F1D}.AppStore|x64.Build.0 = Debug|Any CPU
		{C4E7F7B7-6078-4407-9E78-7CDD174A9F1D}.AppStore|x86.ActiveCfg = Debug|Any CPU
		{C4E7F7B7-6078-4407-9E78-7CDD174A9F1D}.AppStore|x86.Build.0 = Debug|Any CPU
		{C4E7F7B7-6078-4407-9E78-7CDD174A9F1D}.Debug|Any CPU.ActiveCfg = Debug|Any CPU
		{C4E7F7B7-6078-4407-9E78-7CDD174A9F1D}.Debug|Any CPU.Build.0 = Debug|Any CPU
		{C4E7F7B7-6078-4407-9E78-7CDD174A9F1D}.Debug|ARM.ActiveCfg = Debug|Any CPU
		{C4E7F7B7-6078-4407-9E78-7CDD174A9F1D}.Debug|ARM.Build.0 = Debug|Any CPU
		{C4E7F7B7-6078-4407-9E78-7CDD174A9F1D}.Debug|iPhone.ActiveCfg = Debug|Any CPU
		{C4E7F7B7-6078-4407-9E78-7CDD174A9F1D}.Debug|iPhone.Build.0 = Debug|Any CPU
		{C4E7F7B7-6078-4407-9E78-7CDD174A9F1D}.Debug|iPhoneSimulator.ActiveCfg = Debug|Any CPU
		{C4E7F7B7-6078-4407-9E78-7CDD174A9F1D}.Debug|iPhoneSimulator.Build.0 = Debug|Any CPU
		{C4E7F7B7-6078-4407-9E78-7CDD174A9F1D}.Debug|x64.ActiveCfg = Debug|Any CPU
		{C4E7F7B7-6078-4407-9E78-7CDD174A9F1D}.Debug|x64.Build.0 = Debug|Any CPU
		{C4E7F7B7-6078-4407-9E78-7CDD174A9F1D}.Debug|x86.ActiveCfg = Debug|Any CPU
		{C4E7F7B7-6078-4407-9E78-7CDD174A9F1D}.Debug|x86.Build.0 = Debug|Any CPU
		{C4E7F7B7-6078-4407-9E78-7CDD174A9F1D}.Release|Any CPU.ActiveCfg = Release|Any CPU
		{C4E7F7B7-6078-4407-9E78-7CDD174A9F1D}.Release|Any CPU.Build.0 = Release|Any CPU
		{C4E7F7B7-6078-4407-9E78-7CDD174A9F1D}.Release|ARM.ActiveCfg = Release|Any CPU
		{C4E7F7B7-6078-4407-9E78-7CDD174A9F1D}.Release|ARM.Build.0 = Release|Any CPU
		{C4E7F7B7-6078-4407-9E78-7CDD174A9F1D}.Release|iPhone.ActiveCfg = Release|Any CPU
		{C4E7F7B7-6078-4407-9E78-7CDD174A9F1D}.Release|iPhone.Build.0 = Release|Any CPU
		{C4E7F7B7-6078-4407-9E78-7CDD174A9F1D}.Release|iPhoneSimulator.ActiveCfg = Release|Any CPU
		{C4E7F7B7-6078-4407-9E78-7CDD174A9F1D}.Release|iPhoneSimulator.Build.0 = Release|Any CPU
		{C4E7F7B7-6078-4407-9E78-7CDD174A9F1D}.Release|x64.ActiveCfg = Release|Any CPU
		{C4E7F7B7-6078-4407-9E78-7CDD174A9F1D}.Release|x64.Build.0 = Release|Any CPU
		{C4E7F7B7-6078-4407-9E78-7CDD174A9F1D}.Release|x86.ActiveCfg = Release|Any CPU
		{C4E7F7B7-6078-4407-9E78-7CDD174A9F1D}.Release|x86.Build.0 = Release|Any CPU
		{C1FF3E05-FA69-4ABC-96C5-EF9F3089819A}.Ad-Hoc|Any CPU.ActiveCfg = Release|Any CPU
		{C1FF3E05-FA69-4ABC-96C5-EF9F3089819A}.Ad-Hoc|Any CPU.Build.0 = Release|Any CPU
		{C1FF3E05-FA69-4ABC-96C5-EF9F3089819A}.Ad-Hoc|Any CPU.Deploy.0 = Release|Any CPU
		{C1FF3E05-FA69-4ABC-96C5-EF9F3089819A}.Ad-Hoc|ARM.ActiveCfg = Release|Any CPU
		{C1FF3E05-FA69-4ABC-96C5-EF9F3089819A}.Ad-Hoc|ARM.Build.0 = Release|Any CPU
		{C1FF3E05-FA69-4ABC-96C5-EF9F3089819A}.Ad-Hoc|ARM.Deploy.0 = Release|Any CPU
		{C1FF3E05-FA69-4ABC-96C5-EF9F3089819A}.Ad-Hoc|iPhone.ActiveCfg = Release|Any CPU
		{C1FF3E05-FA69-4ABC-96C5-EF9F3089819A}.Ad-Hoc|iPhone.Build.0 = Release|Any CPU
		{C1FF3E05-FA69-4ABC-96C5-EF9F3089819A}.Ad-Hoc|iPhone.Deploy.0 = Release|Any CPU
		{C1FF3E05-FA69-4ABC-96C5-EF9F3089819A}.Ad-Hoc|iPhoneSimulator.ActiveCfg = Release|Any CPU
		{C1FF3E05-FA69-4ABC-96C5-EF9F3089819A}.Ad-Hoc|iPhoneSimulator.Build.0 = Release|Any CPU
		{C1FF3E05-FA69-4ABC-96C5-EF9F3089819A}.Ad-Hoc|iPhoneSimulator.Deploy.0 = Release|Any CPU
		{C1FF3E05-FA69-4ABC-96C5-EF9F3089819A}.Ad-Hoc|x64.ActiveCfg = Release|Any CPU
		{C1FF3E05-FA69-4ABC-96C5-EF9F3089819A}.Ad-Hoc|x64.Build.0 = Release|Any CPU
		{C1FF3E05-FA69-4ABC-96C5-EF9F3089819A}.Ad-Hoc|x64.Deploy.0 = Release|Any CPU
		{C1FF3E05-FA69-4ABC-96C5-EF9F3089819A}.Ad-Hoc|x86.ActiveCfg = Release|Any CPU
		{C1FF3E05-FA69-4ABC-96C5-EF9F3089819A}.Ad-Hoc|x86.Build.0 = Release|Any CPU
		{C1FF3E05-FA69-4ABC-96C5-EF9F3089819A}.Ad-Hoc|x86.Deploy.0 = Release|Any CPU
		{C1FF3E05-FA69-4ABC-96C5-EF9F3089819A}.AppStore|Any CPU.ActiveCfg = Release|Any CPU
		{C1FF3E05-FA69-4ABC-96C5-EF9F3089819A}.AppStore|Any CPU.Build.0 = Release|Any CPU
		{C1FF3E05-FA69-4ABC-96C5-EF9F3089819A}.AppStore|Any CPU.Deploy.0 = Release|Any CPU
		{C1FF3E05-FA69-4ABC-96C5-EF9F3089819A}.AppStore|ARM.ActiveCfg = Release|Any CPU
		{C1FF3E05-FA69-4ABC-96C5-EF9F3089819A}.AppStore|ARM.Build.0 = Release|Any CPU
		{C1FF3E05-FA69-4ABC-96C5-EF9F3089819A}.AppStore|ARM.Deploy.0 = Release|Any CPU
		{C1FF3E05-FA69-4ABC-96C5-EF9F3089819A}.AppStore|iPhone.ActiveCfg = Release|Any CPU
		{C1FF3E05-FA69-4ABC-96C5-EF9F3089819A}.AppStore|iPhone.Build.0 = Release|Any CPU
		{C1FF3E05-FA69-4ABC-96C5-EF9F3089819A}.AppStore|iPhone.Deploy.0 = Release|Any CPU
		{C1FF3E05-FA69-4ABC-96C5-EF9F3089819A}.AppStore|iPhoneSimulator.ActiveCfg = Release|Any CPU
		{C1FF3E05-FA69-4ABC-96C5-EF9F3089819A}.AppStore|iPhoneSimulator.Build.0 = Release|Any CPU
		{C1FF3E05-FA69-4ABC-96C5-EF9F3089819A}.AppStore|iPhoneSimulator.Deploy.0 = Release|Any CPU
		{C1FF3E05-FA69-4ABC-96C5-EF9F3089819A}.AppStore|x64.ActiveCfg = Release|Any CPU
		{C1FF3E05-FA69-4ABC-96C5-EF9F3089819A}.AppStore|x64.Build.0 = Release|Any CPU
		{C1FF3E05-FA69-4ABC-96C5-EF9F3089819A}.AppStore|x64.Deploy.0 = Release|Any CPU
		{C1FF3E05-FA69-4ABC-96C5-EF9F3089819A}.AppStore|x86.ActiveCfg = Release|Any CPU
		{C1FF3E05-FA69-4ABC-96C5-EF9F3089819A}.AppStore|x86.Build.0 = Release|Any CPU
		{C1FF3E05-FA69-4ABC-96C5-EF9F3089819A}.AppStore|x86.Deploy.0 = Release|Any CPU
		{C1FF3E05-FA69-4ABC-96C5-EF9F3089819A}.Debug|Any CPU.ActiveCfg = Debug|Any CPU
		{C1FF3E05-FA69-4ABC-96C5-EF9F3089819A}.Debug|Any CPU.Build.0 = Debug|Any CPU
		{C1FF3E05-FA69-4ABC-96C5-EF9F3089819A}.Debug|Any CPU.Deploy.0 = Debug|Any CPU
		{C1FF3E05-FA69-4ABC-96C5-EF9F3089819A}.Debug|ARM.ActiveCfg = Debug|Any CPU
		{C1FF3E05-FA69-4ABC-96C5-EF9F3089819A}.Debug|ARM.Build.0 = Debug|Any CPU
		{C1FF3E05-FA69-4ABC-96C5-EF9F3089819A}.Debug|ARM.Deploy.0 = Debug|Any CPU
		{C1FF3E05-FA69-4ABC-96C5-EF9F3089819A}.Debug|iPhone.ActiveCfg = Debug|Any CPU
		{C1FF3E05-FA69-4ABC-96C5-EF9F3089819A}.Debug|iPhone.Build.0 = Debug|Any CPU
		{C1FF3E05-FA69-4ABC-96C5-EF9F3089819A}.Debug|iPhone.Deploy.0 = Debug|Any CPU
		{C1FF3E05-FA69-4ABC-96C5-EF9F3089819A}.Debug|iPhoneSimulator.ActiveCfg = Debug|Any CPU
		{C1FF3E05-FA69-4ABC-96C5-EF9F3089819A}.Debug|iPhoneSimulator.Build.0 = Debug|Any CPU
		{C1FF3E05-FA69-4ABC-96C5-EF9F3089819A}.Debug|iPhoneSimulator.Deploy.0 = Debug|Any CPU
		{C1FF3E05-FA69-4ABC-96C5-EF9F3089819A}.Debug|x64.ActiveCfg = Debug|Any CPU
		{C1FF3E05-FA69-4ABC-96C5-EF9F3089819A}.Debug|x64.Build.0 = Debug|Any CPU
		{C1FF3E05-FA69-4ABC-96C5-EF9F3089819A}.Debug|x64.Deploy.0 = Debug|Any CPU
		{C1FF3E05-FA69-4ABC-96C5-EF9F3089819A}.Debug|x86.ActiveCfg = Debug|Any CPU
		{C1FF3E05-FA69-4ABC-96C5-EF9F3089819A}.Debug|x86.Build.0 = Debug|Any CPU
		{C1FF3E05-FA69-4ABC-96C5-EF9F3089819A}.Debug|x86.Deploy.0 = Debug|Any CPU
		{C1FF3E05-FA69-4ABC-96C5-EF9F3089819A}.Release|Any CPU.ActiveCfg = Release|Any CPU
		{C1FF3E05-FA69-4ABC-96C5-EF9F3089819A}.Release|Any CPU.Build.0 = Release|Any CPU
		{C1FF3E05-FA69-4ABC-96C5-EF9F3089819A}.Release|Any CPU.Deploy.0 = Release|Any CPU
		{C1FF3E05-FA69-4ABC-96C5-EF9F3089819A}.Release|ARM.ActiveCfg = Release|Any CPU
		{C1FF3E05-FA69-4ABC-96C5-EF9F3089819A}.Release|ARM.Build.0 = Release|Any CPU
		{C1FF3E05-FA69-4ABC-96C5-EF9F3089819A}.Release|ARM.Deploy.0 = Release|Any CPU
		{C1FF3E05-FA69-4ABC-96C5-EF9F3089819A}.Release|iPhone.ActiveCfg = Release|Any CPU
		{C1FF3E05-FA69-4ABC-96C5-EF9F3089819A}.Release|iPhone.Build.0 = Release|Any CPU
		{C1FF3E05-FA69-4ABC-96C5-EF9F3089819A}.Release|iPhone.Deploy.0 = Release|Any CPU
		{C1FF3E05-FA69-4ABC-96C5-EF9F3089819A}.Release|iPhoneSimulator.ActiveCfg = Release|Any CPU
		{C1FF3E05-FA69-4ABC-96C5-EF9F3089819A}.Release|iPhoneSimulator.Build.0 = Release|Any CPU
		{C1FF3E05-FA69-4ABC-96C5-EF9F3089819A}.Release|iPhoneSimulator.Deploy.0 = Release|Any CPU
		{C1FF3E05-FA69-4ABC-96C5-EF9F3089819A}.Release|x64.ActiveCfg = Release|Any CPU
		{C1FF3E05-FA69-4ABC-96C5-EF9F3089819A}.Release|x64.Build.0 = Release|Any CPU
		{C1FF3E05-FA69-4ABC-96C5-EF9F3089819A}.Release|x64.Deploy.0 = Release|Any CPU
		{C1FF3E05-FA69-4ABC-96C5-EF9F3089819A}.Release|x86.ActiveCfg = Release|Any CPU
		{C1FF3E05-FA69-4ABC-96C5-EF9F3089819A}.Release|x86.Build.0 = Release|Any CPU
		{C1FF3E05-FA69-4ABC-96C5-EF9F3089819A}.Release|x86.Deploy.0 = Release|Any CPU
		{346D5002-31A8-4465-81B6-303E19C8BEFE}.Ad-Hoc|Any CPU.ActiveCfg = Ad-Hoc|iPhone
		{346D5002-31A8-4465-81B6-303E19C8BEFE}.Ad-Hoc|ARM.ActiveCfg = Ad-Hoc|iPhone
		{346D5002-31A8-4465-81B6-303E19C8BEFE}.Ad-Hoc|iPhone.ActiveCfg = Ad-Hoc|iPhone
		{346D5002-31A8-4465-81B6-303E19C8BEFE}.Ad-Hoc|iPhone.Build.0 = Ad-Hoc|iPhone
		{346D5002-31A8-4465-81B6-303E19C8BEFE}.Ad-Hoc|iPhoneSimulator.ActiveCfg = Ad-Hoc|iPhoneSimulator
		{346D5002-31A8-4465-81B6-303E19C8BEFE}.Ad-Hoc|iPhoneSimulator.Build.0 = Ad-Hoc|iPhoneSimulator
		{346D5002-31A8-4465-81B6-303E19C8BEFE}.Ad-Hoc|x64.ActiveCfg = Ad-Hoc|iPhone
		{346D5002-31A8-4465-81B6-303E19C8BEFE}.Ad-Hoc|x86.ActiveCfg = Ad-Hoc|iPhone
		{346D5002-31A8-4465-81B6-303E19C8BEFE}.AppStore|Any CPU.ActiveCfg = AppStore|iPhone
		{346D5002-31A8-4465-81B6-303E19C8BEFE}.AppStore|ARM.ActiveCfg = AppStore|iPhone
		{346D5002-31A8-4465-81B6-303E19C8BEFE}.AppStore|iPhone.ActiveCfg = AppStore|iPhone
		{346D5002-31A8-4465-81B6-303E19C8BEFE}.AppStore|iPhone.Build.0 = AppStore|iPhone
		{346D5002-31A8-4465-81B6-303E19C8BEFE}.AppStore|iPhoneSimulator.ActiveCfg = AppStore|iPhoneSimulator
		{346D5002-31A8-4465-81B6-303E19C8BEFE}.AppStore|iPhoneSimulator.Build.0 = AppStore|iPhoneSimulator
		{346D5002-31A8-4465-81B6-303E19C8BEFE}.AppStore|x64.ActiveCfg = AppStore|iPhone
		{346D5002-31A8-4465-81B6-303E19C8BEFE}.AppStore|x86.ActiveCfg = AppStore|iPhone
		{346D5002-31A8-4465-81B6-303E19C8BEFE}.Debug|Any CPU.ActiveCfg = Debug|iPhone
		{346D5002-31A8-4465-81B6-303E19C8BEFE}.Debug|ARM.ActiveCfg = Debug|iPhone
		{346D5002-31A8-4465-81B6-303E19C8BEFE}.Debug|iPhone.ActiveCfg = Debug|iPhone
		{346D5002-31A8-4465-81B6-303E19C8BEFE}.Debug|iPhone.Build.0 = Debug|iPhone
		{346D5002-31A8-4465-81B6-303E19C8BEFE}.Debug|iPhoneSimulator.ActiveCfg = Debug|iPhoneSimulator
		{346D5002-31A8-4465-81B6-303E19C8BEFE}.Debug|iPhoneSimulator.Build.0 = Debug|iPhoneSimulator
		{346D5002-31A8-4465-81B6-303E19C8BEFE}.Debug|x64.ActiveCfg = Debug|iPhone
		{346D5002-31A8-4465-81B6-303E19C8BEFE}.Debug|x86.ActiveCfg = Debug|iPhone
		{346D5002-31A8-4465-81B6-303E19C8BEFE}.Release|Any CPU.ActiveCfg = Release|iPhone
		{346D5002-31A8-4465-81B6-303E19C8BEFE}.Release|ARM.ActiveCfg = Release|iPhone
		{346D5002-31A8-4465-81B6-303E19C8BEFE}.Release|iPhone.ActiveCfg = Release|iPhone
		{346D5002-31A8-4465-81B6-303E19C8BEFE}.Release|iPhone.Build.0 = Release|iPhone
		{346D5002-31A8-4465-81B6-303E19C8BEFE}.Release|iPhoneSimulator.ActiveCfg = Release|iPhoneSimulator
		{346D5002-31A8-4465-81B6-303E19C8BEFE}.Release|iPhoneSimulator.Build.0 = Release|iPhoneSimulator
		{346D5002-31A8-4465-81B6-303E19C8BEFE}.Release|x64.ActiveCfg = Release|iPhone
		{346D5002-31A8-4465-81B6-303E19C8BEFE}.Release|x86.ActiveCfg = Release|iPhone
		{A2B86F74-693D-416F-841B-61E67F0618AB}.Ad-Hoc|Any CPU.ActiveCfg = Release|x86
		{A2B86F74-693D-416F-841B-61E67F0618AB}.Ad-Hoc|Any CPU.Build.0 = Release|x86
		{A2B86F74-693D-416F-841B-61E67F0618AB}.Ad-Hoc|Any CPU.Deploy.0 = Release|x86
		{A2B86F74-693D-416F-841B-61E67F0618AB}.Ad-Hoc|ARM.ActiveCfg = Release|ARM
		{A2B86F74-693D-416F-841B-61E67F0618AB}.Ad-Hoc|ARM.Build.0 = Release|ARM
		{A2B86F74-693D-416F-841B-61E67F0618AB}.Ad-Hoc|ARM.Deploy.0 = Release|ARM
		{A2B86F74-693D-416F-841B-61E67F0618AB}.Ad-Hoc|iPhone.ActiveCfg = Release|x86
		{A2B86F74-693D-416F-841B-61E67F0618AB}.Ad-Hoc|iPhone.Build.0 = Release|x86
		{A2B86F74-693D-416F-841B-61E67F0618AB}.Ad-Hoc|iPhone.Deploy.0 = Release|x86
		{A2B86F74-693D-416F-841B-61E67F0618AB}.Ad-Hoc|iPhoneSimulator.ActiveCfg = Release|x86
		{A2B86F74-693D-416F-841B-61E67F0618AB}.Ad-Hoc|iPhoneSimulator.Build.0 = Release|x86
		{A2B86F74-693D-416F-841B-61E67F0618AB}.Ad-Hoc|iPhoneSimulator.Deploy.0 = Release|x86
		{A2B86F74-693D-416F-841B-61E67F0618AB}.Ad-Hoc|x64.ActiveCfg = Release|x64
		{A2B86F74-693D-416F-841B-61E67F0618AB}.Ad-Hoc|x64.Build.0 = Release|x64
		{A2B86F74-693D-416F-841B-61E67F0618AB}.Ad-Hoc|x64.Deploy.0 = Release|x64
		{A2B86F74-693D-416F-841B-61E67F0618AB}.Ad-Hoc|x86.ActiveCfg = Release|x86
		{A2B86F74-693D-416F-841B-61E67F0618AB}.Ad-Hoc|x86.Build.0 = Release|x86
		{A2B86F74-693D-416F-841B-61E67F0618AB}.Ad-Hoc|x86.Deploy.0 = Release|x86
		{A2B86F74-693D-416F-841B-61E67F0618AB}.AppStore|Any CPU.ActiveCfg = Release|x86
		{A2B86F74-693D-416F-841B-61E67F0618AB}.AppStore|Any CPU.Build.0 = Release|x86
		{A2B86F74-693D-416F-841B-61E67F0618AB}.AppStore|Any CPU.Deploy.0 = Release|x86
		{A2B86F74-693D-416F-841B-61E67F0618AB}.AppStore|ARM.ActiveCfg = Release|ARM
		{A2B86F74-693D-416F-841B-61E67F0618AB}.AppStore|ARM.Build.0 = Release|ARM
		{A2B86F74-693D-416F-841B-61E67F0618AB}.AppStore|ARM.Deploy.0 = Release|ARM
		{A2B86F74-693D-416F-841B-61E67F0618AB}.AppStore|iPhone.ActiveCfg = Release|x86
		{A2B86F74-693D-416F-841B-61E67F0618AB}.AppStore|iPhone.Build.0 = Release|x86
		{A2B86F74-693D-416F-841B-61E67F0618AB}.AppStore|iPhone.Deploy.0 = Release|x86
		{A2B86F74-693D-416F-841B-61E67F0618AB}.AppStore|iPhoneSimulator.ActiveCfg = Release|x86
		{A2B86F74-693D-416F-841B-61E67F0618AB}.AppStore|iPhoneSimulator.Build.0 = Release|x86
		{A2B86F74-693D-416F-841B-61E67F0618AB}.AppStore|iPhoneSimulator.Deploy.0 = Release|x86
		{A2B86F74-693D-416F-841B-61E67F0618AB}.AppStore|x64.ActiveCfg = Release|x64
		{A2B86F74-693D-416F-841B-61E67F0618AB}.AppStore|x64.Build.0 = Release|x64
		{A2B86F74-693D-416F-841B-61E67F0618AB}.AppStore|x64.Deploy.0 = Release|x64
		{A2B86F74-693D-416F-841B-61E67F0618AB}.AppStore|x86.ActiveCfg = Release|x86
		{A2B86F74-693D-416F-841B-61E67F0618AB}.AppStore|x86.Build.0 = Release|x86
		{A2B86F74-693D-416F-841B-61E67F0618AB}.AppStore|x86.Deploy.0 = Release|x86
		{A2B86F74-693D-416F-841B-61E67F0618AB}.Debug|Any CPU.ActiveCfg = Debug|x86
		{A2B86F74-693D-416F-841B-61E67F0618AB}.Debug|ARM.ActiveCfg = Debug|ARM
		{A2B86F74-693D-416F-841B-61E67F0618AB}.Debug|ARM.Build.0 = Debug|ARM
		{A2B86F74-693D-416F-841B-61E67F0618AB}.Debug|ARM.Deploy.0 = Debug|ARM
		{A2B86F74-693D-416F-841B-61E67F0618AB}.Debug|iPhone.ActiveCfg = Debug|x86
		{A2B86F74-693D-416F-841B-61E67F0618AB}.Debug|iPhoneSimulator.ActiveCfg = Debug|x86
		{A2B86F74-693D-416F-841B-61E67F0618AB}.Debug|x64.ActiveCfg = Debug|x64
		{A2B86F74-693D-416F-841B-61E67F0618AB}.Debug|x64.Build.0 = Debug|x64
		{A2B86F74-693D-416F-841B-61E67F0618AB}.Debug|x64.Deploy.0 = Debug|x64
		{A2B86F74-693D-416F-841B-61E67F0618AB}.Debug|x86.ActiveCfg = Debug|x86
		{A2B86F74-693D-416F-841B-61E67F0618AB}.Debug|x86.Build.0 = Debug|x86
		{A2B86F74-693D-416F-841B-61E67F0618AB}.Debug|x86.Deploy.0 = Debug|x86
		{A2B86F74-693D-416F-841B-61E67F0618AB}.Release|Any CPU.ActiveCfg = Release|x86
		{A2B86F74-693D-416F-841B-61E67F0618AB}.Release|ARM.ActiveCfg = Release|ARM
		{A2B86F74-693D-416F-841B-61E67F0618AB}.Release|ARM.Build.0 = Release|ARM
		{A2B86F74-693D-416F-841B-61E67F0618AB}.Release|ARM.Deploy.0 = Release|ARM
		{A2B86F74-693D-416F-841B-61E67F0618AB}.Release|iPhone.ActiveCfg = Release|x86
		{A2B86F74-693D-416F-841B-61E67F0618AB}.Release|iPhoneSimulator.ActiveCfg = Release|x86
		{A2B86F74-693D-416F-841B-61E67F0618AB}.Release|x64.ActiveCfg = Release|x64
		{A2B86F74-693D-416F-841B-61E67F0618AB}.Release|x64.Build.0 = Release|x64
		{A2B86F74-693D-416F-841B-61E67F0618AB}.Release|x64.Deploy.0 = Release|x64
		{A2B86F74-693D-416F-841B-61E67F0618AB}.Release|x86.ActiveCfg = Release|x86
		{A2B86F74-693D-416F-841B-61E67F0618AB}.Release|x86.Build.0 = Release|x86
		{A2B86F74-693D-416F-841B-61E67F0618AB}.Release|x86.Deploy.0 = Release|x86
		{E97E970B-9B46-44FF-A19E-E7B7FA6AA671}.Ad-Hoc|Any CPU.ActiveCfg = Release|Any CPU
		{E97E970B-9B46-44FF-A19E-E7B7FA6AA671}.Ad-Hoc|Any CPU.Build.0 = Release|Any CPU
		{E97E970B-9B46-44FF-A19E-E7B7FA6AA671}.Ad-Hoc|ARM.ActiveCfg = Release|Any CPU
		{E97E970B-9B46-44FF-A19E-E7B7FA6AA671}.Ad-Hoc|ARM.Build.0 = Release|Any CPU
		{E97E970B-9B46-44FF-A19E-E7B7FA6AA671}.Ad-Hoc|iPhone.ActiveCfg = Release|Any CPU
		{E97E970B-9B46-44FF-A19E-E7B7FA6AA671}.Ad-Hoc|iPhone.Build.0 = Release|Any CPU
		{E97E970B-9B46-44FF-A19E-E7B7FA6AA671}.Ad-Hoc|iPhoneSimulator.ActiveCfg = Release|Any CPU
		{E97E970B-9B46-44FF-A19E-E7B7FA6AA671}.Ad-Hoc|iPhoneSimulator.Build.0 = Release|Any CPU
		{E97E970B-9B46-44FF-A19E-E7B7FA6AA671}.Ad-Hoc|x64.ActiveCfg = Release|Any CPU
		{E97E970B-9B46-44FF-A19E-E7B7FA6AA671}.Ad-Hoc|x64.Build.0 = Release|Any CPU
		{E97E970B-9B46-44FF-A19E-E7B7FA6AA671}.Ad-Hoc|x86.ActiveCfg = Release|Any CPU
		{E97E970B-9B46-44FF-A19E-E7B7FA6AA671}.Ad-Hoc|x86.Build.0 = Release|Any CPU
		{E97E970B-9B46-44FF-A19E-E7B7FA6AA671}.AppStore|Any CPU.ActiveCfg = Release|Any CPU
		{E97E970B-9B46-44FF-A19E-E7B7FA6AA671}.AppStore|Any CPU.Build.0 = Release|Any CPU
		{E97E970B-9B46-44FF-A19E-E7B7FA6AA671}.AppStore|ARM.ActiveCfg = Release|Any CPU
		{E97E970B-9B46-44FF-A19E-E7B7FA6AA671}.AppStore|ARM.Build.0 = Release|Any CPU
		{E97E970B-9B46-44FF-A19E-E7B7FA6AA671}.AppStore|iPhone.ActiveCfg = Release|Any CPU
		{E97E970B-9B46-44FF-A19E-E7B7FA6AA671}.AppStore|iPhone.Build.0 = Release|Any CPU
		{E97E970B-9B46-44FF-A19E-E7B7FA6AA671}.AppStore|iPhoneSimulator.ActiveCfg = Release|Any CPU
		{E97E970B-9B46-44FF-A19E-E7B7FA6AA671}.AppStore|iPhoneSimulator.Build.0 = Release|Any CPU
		{E97E970B-9B46-44FF-A19E-E7B7FA6AA671}.AppStore|x64.ActiveCfg = Release|Any CPU
		{E97E970B-9B46-44FF-A19E-E7B7FA6AA671}.AppStore|x64.Build.0 = Release|Any CPU
		{E97E970B-9B46-44FF-A19E-E7B7FA6AA671}.AppStore|x86.ActiveCfg = Release|Any CPU
		{E97E970B-9B46-44FF-A19E-E7B7FA6AA671}.AppStore|x86.Build.0 = Release|Any CPU
		{E97E970B-9B46-44FF-A19E-E7B7FA6AA671}.Debug|Any CPU.ActiveCfg = Debug|Any CPU
		{E97E970B-9B46-44FF-A19E-E7B7FA6AA671}.Debug|Any CPU.Build.0 = Debug|Any CPU
		{E97E970B-9B46-44FF-A19E-E7B7FA6AA671}.Debug|ARM.ActiveCfg = Debug|Any CPU
		{E97E970B-9B46-44FF-A19E-E7B7FA6AA671}.Debug|ARM.Build.0 = Debug|Any CPU
		{E97E970B-9B46-44FF-A19E-E7B7FA6AA671}.Debug|iPhone.ActiveCfg = Debug|Any CPU
		{E97E970B-9B46-44FF-A19E-E7B7FA6AA671}.Debug|iPhone.Build.0 = Debug|Any CPU
		{E97E970B-9B46-44FF-A19E-E7B7FA6AA671}.Debug|iPhoneSimulator.ActiveCfg = Debug|Any CPU
		{E97E970B-9B46-44FF-A19E-E7B7FA6AA671}.Debug|iPhoneSimulator.Build.0 = Debug|Any CPU
		{E97E970B-9B46-44FF-A19E-E7B7FA6AA671}.Debug|x64.ActiveCfg = Debug|Any CPU
		{E97E970B-9B46-44FF-A19E-E7B7FA6AA671}.Debug|x64.Build.0 = Debug|Any CPU
		{E97E970B-9B46-44FF-A19E-E7B7FA6AA671}.Debug|x86.ActiveCfg = Debug|Any CPU
		{E97E970B-9B46-44FF-A19E-E7B7FA6AA671}.Debug|x86.Build.0 = Debug|Any CPU
		{E97E970B-9B46-44FF-A19E-E7B7FA6AA671}.Release|Any CPU.ActiveCfg = Release|Any CPU
		{E97E970B-9B46-44FF-A19E-E7B7FA6AA671}.Release|Any CPU.Build.0 = Release|Any CPU
		{E97E970B-9B46-44FF-A19E-E7B7FA6AA671}.Release|ARM.ActiveCfg = Release|Any CPU
		{E97E970B-9B46-44FF-A19E-E7B7FA6AA671}.Release|ARM.Build.0 = Release|Any CPU
		{E97E970B-9B46-44FF-A19E-E7B7FA6AA671}.Release|iPhone.ActiveCfg = Release|Any CPU
		{E97E970B-9B46-44FF-A19E-E7B7FA6AA671}.Release|iPhone.Build.0 = Release|Any CPU
		{E97E970B-9B46-44FF-A19E-E7B7FA6AA671}.Release|iPhoneSimulator.ActiveCfg = Release|Any CPU
		{E97E970B-9B46-44FF-A19E-E7B7FA6AA671}.Release|iPhoneSimulator.Build.0 = Release|Any CPU
		{E97E970B-9B46-44FF-A19E-E7B7FA6AA671}.Release|x64.ActiveCfg = Release|Any CPU
		{E97E970B-9B46-44FF-A19E-E7B7FA6AA671}.Release|x64.Build.0 = Release|Any CPU
		{E97E970B-9B46-44FF-A19E-E7B7FA6AA671}.Release|x86.ActiveCfg = Release|Any CPU
		{E97E970B-9B46-44FF-A19E-E7B7FA6AA671}.Release|x86.Build.0 = Release|Any CPU
		{2D23861D-4EE5-4B72-A8E2-81725B81DE5F}.Ad-Hoc|Any CPU.ActiveCfg = Debug|Any CPU
		{2D23861D-4EE5-4B72-A8E2-81725B81DE5F}.Ad-Hoc|Any CPU.Build.0 = Debug|Any CPU
		{2D23861D-4EE5-4B72-A8E2-81725B81DE5F}.Ad-Hoc|ARM.ActiveCfg = Debug|Any CPU
		{2D23861D-4EE5-4B72-A8E2-81725B81DE5F}.Ad-Hoc|ARM.Build.0 = Debug|Any CPU
		{2D23861D-4EE5-4B72-A8E2-81725B81DE5F}.Ad-Hoc|iPhone.ActiveCfg = Debug|Any CPU
		{2D23861D-4EE5-4B72-A8E2-81725B81DE5F}.Ad-Hoc|iPhone.Build.0 = Debug|Any CPU
		{2D23861D-4EE5-4B72-A8E2-81725B81DE5F}.Ad-Hoc|iPhoneSimulator.ActiveCfg = Debug|Any CPU
		{2D23861D-4EE5-4B72-A8E2-81725B81DE5F}.Ad-Hoc|iPhoneSimulator.Build.0 = Debug|Any CPU
		{2D23861D-4EE5-4B72-A8E2-81725B81DE5F}.Ad-Hoc|x64.ActiveCfg = Debug|Any CPU
		{2D23861D-4EE5-4B72-A8E2-81725B81DE5F}.Ad-Hoc|x64.Build.0 = Debug|Any CPU
		{2D23861D-4EE5-4B72-A8E2-81725B81DE5F}.Ad-Hoc|x86.ActiveCfg = Debug|Any CPU
		{2D23861D-4EE5-4B72-A8E2-81725B81DE5F}.Ad-Hoc|x86.Build.0 = Debug|Any CPU
		{2D23861D-4EE5-4B72-A8E2-81725B81DE5F}.AppStore|Any CPU.ActiveCfg = Debug|Any CPU
		{2D23861D-4EE5-4B72-A8E2-81725B81DE5F}.AppStore|Any CPU.Build.0 = Debug|Any CPU
		{2D23861D-4EE5-4B72-A8E2-81725B81DE5F}.AppStore|ARM.ActiveCfg = Debug|Any CPU
		{2D23861D-4EE5-4B72-A8E2-81725B81DE5F}.AppStore|ARM.Build.0 = Debug|Any CPU
		{2D23861D-4EE5-4B72-A8E2-81725B81DE5F}.AppStore|iPhone.ActiveCfg = Debug|Any CPU
		{2D23861D-4EE5-4B72-A8E2-81725B81DE5F}.AppStore|iPhone.Build.0 = Debug|Any CPU
		{2D23861D-4EE5-4B72-A8E2-81725B81DE5F}.AppStore|iPhoneSimulator.ActiveCfg = Debug|Any CPU
		{2D23861D-4EE5-4B72-A8E2-81725B81DE5F}.AppStore|iPhoneSimulator.Build.0 = Debug|Any CPU
		{2D23861D-4EE5-4B72-A8E2-81725B81DE5F}.AppStore|x64.ActiveCfg = Debug|Any CPU
		{2D23861D-4EE5-4B72-A8E2-81725B81DE5F}.AppStore|x64.Build.0 = Debug|Any CPU
		{2D23861D-4EE5-4B72-A8E2-81725B81DE5F}.AppStore|x86.ActiveCfg = Debug|Any CPU
		{2D23861D-4EE5-4B72-A8E2-81725B81DE5F}.AppStore|x86.Build.0 = Debug|Any CPU
		{2D23861D-4EE5-4B72-A8E2-81725B81DE5F}.Debug|Any CPU.ActiveCfg = Debug|Any CPU
		{2D23861D-4EE5-4B72-A8E2-81725B81DE5F}.Debug|Any CPU.Build.0 = Debug|Any CPU
		{2D23861D-4EE5-4B72-A8E2-81725B81DE5F}.Debug|ARM.ActiveCfg = Debug|Any CPU
		{2D23861D-4EE5-4B72-A8E2-81725B81DE5F}.Debug|ARM.Build.0 = Debug|Any CPU
		{2D23861D-4EE5-4B72-A8E2-81725B81DE5F}.Debug|iPhone.ActiveCfg = Debug|Any CPU
		{2D23861D-4EE5-4B72-A8E2-81725B81DE5F}.Debug|iPhone.Build.0 = Debug|Any CPU
		{2D23861D-4EE5-4B72-A8E2-81725B81DE5F}.Debug|iPhoneSimulator.ActiveCfg = Debug|Any CPU
		{2D23861D-4EE5-4B72-A8E2-81725B81DE5F}.Debug|iPhoneSimulator.Build.0 = Debug|Any CPU
		{2D23861D-4EE5-4B72-A8E2-81725B81DE5F}.Debug|x64.ActiveCfg = Debug|Any CPU
		{2D23861D-4EE5-4B72-A8E2-81725B81DE5F}.Debug|x64.Build.0 = Debug|Any CPU
		{2D23861D-4EE5-4B72-A8E2-81725B81DE5F}.Debug|x86.ActiveCfg = Debug|Any CPU
		{2D23861D-4EE5-4B72-A8E2-81725B81DE5F}.Debug|x86.Build.0 = Debug|Any CPU
		{2D23861D-4EE5-4B72-A8E2-81725B81DE5F}.Release|Any CPU.ActiveCfg = Release|Any CPU
		{2D23861D-4EE5-4B72-A8E2-81725B81DE5F}.Release|Any CPU.Build.0 = Release|Any CPU
		{2D23861D-4EE5-4B72-A8E2-81725B81DE5F}.Release|ARM.ActiveCfg = Release|Any CPU
		{2D23861D-4EE5-4B72-A8E2-81725B81DE5F}.Release|ARM.Build.0 = Release|Any CPU
		{2D23861D-4EE5-4B72-A8E2-81725B81DE5F}.Release|iPhone.ActiveCfg = Release|Any CPU
		{2D23861D-4EE5-4B72-A8E2-81725B81DE5F}.Release|iPhone.Build.0 = Release|Any CPU
		{2D23861D-4EE5-4B72-A8E2-81725B81DE5F}.Release|iPhoneSimulator.ActiveCfg = Release|Any CPU
		{2D23861D-4EE5-4B72-A8E2-81725B81DE5F}.Release|iPhoneSimulator.Build.0 = Release|Any CPU
		{2D23861D-4EE5-4B72-A8E2-81725B81DE5F}.Release|x64.ActiveCfg = Release|Any CPU
		{2D23861D-4EE5-4B72-A8E2-81725B81DE5F}.Release|x64.Build.0 = Release|Any CPU
		{2D23861D-4EE5-4B72-A8E2-81725B81DE5F}.Release|x86.ActiveCfg = Release|Any CPU
		{2D23861D-4EE5-4B72-A8E2-81725B81DE5F}.Release|x86.Build.0 = Release|Any CPU
		{AF4EDF5B-354C-48DA-AC7D-9715C02E1795}.Ad-Hoc|Any CPU.ActiveCfg = Debug|Any CPU
		{AF4EDF5B-354C-48DA-AC7D-9715C02E1795}.Ad-Hoc|Any CPU.Build.0 = Debug|Any CPU
		{AF4EDF5B-354C-48DA-AC7D-9715C02E1795}.Ad-Hoc|ARM.ActiveCfg = Debug|Any CPU
		{AF4EDF5B-354C-48DA-AC7D-9715C02E1795}.Ad-Hoc|ARM.Build.0 = Debug|Any CPU
		{AF4EDF5B-354C-48DA-AC7D-9715C02E1795}.Ad-Hoc|iPhone.ActiveCfg = Debug|Any CPU
		{AF4EDF5B-354C-48DA-AC7D-9715C02E1795}.Ad-Hoc|iPhone.Build.0 = Debug|Any CPU
		{AF4EDF5B-354C-48DA-AC7D-9715C02E1795}.Ad-Hoc|iPhoneSimulator.ActiveCfg = Debug|Any CPU
		{AF4EDF5B-354C-48DA-AC7D-9715C02E1795}.Ad-Hoc|iPhoneSimulator.Build.0 = Debug|Any CPU
		{AF4EDF5B-354C-48DA-AC7D-9715C02E1795}.Ad-Hoc|x64.ActiveCfg = Debug|Any CPU
		{AF4EDF5B-354C-48DA-AC7D-9715C02E1795}.Ad-Hoc|x64.Build.0 = Debug|Any CPU
		{AF4EDF5B-354C-48DA-AC7D-9715C02E1795}.Ad-Hoc|x86.ActiveCfg = Debug|Any CPU
		{AF4EDF5B-354C-48DA-AC7D-9715C02E1795}.Ad-Hoc|x86.Build.0 = Debug|Any CPU
		{AF4EDF5B-354C-48DA-AC7D-9715C02E1795}.AppStore|Any CPU.ActiveCfg = Debug|Any CPU
		{AF4EDF5B-354C-48DA-AC7D-9715C02E1795}.AppStore|Any CPU.Build.0 = Debug|Any CPU
		{AF4EDF5B-354C-48DA-AC7D-9715C02E1795}.AppStore|ARM.ActiveCfg = Debug|Any CPU
		{AF4EDF5B-354C-48DA-AC7D-9715C02E1795}.AppStore|ARM.Build.0 = Debug|Any CPU
		{AF4EDF5B-354C-48DA-AC7D-9715C02E1795}.AppStore|iPhone.ActiveCfg = Debug|Any CPU
		{AF4EDF5B-354C-48DA-AC7D-9715C02E1795}.AppStore|iPhone.Build.0 = Debug|Any CPU
		{AF4EDF5B-354C-48DA-AC7D-9715C02E1795}.AppStore|iPhoneSimulator.ActiveCfg = Debug|Any CPU
		{AF4EDF5B-354C-48DA-AC7D-9715C02E1795}.AppStore|iPhoneSimulator.Build.0 = Debug|Any CPU
		{AF4EDF5B-354C-48DA-AC7D-9715C02E1795}.AppStore|x64.ActiveCfg = Debug|Any CPU
		{AF4EDF5B-354C-48DA-AC7D-9715C02E1795}.AppStore|x64.Build.0 = Debug|Any CPU
		{AF4EDF5B-354C-48DA-AC7D-9715C02E1795}.AppStore|x86.ActiveCfg = Debug|Any CPU
		{AF4EDF5B-354C-48DA-AC7D-9715C02E1795}.AppStore|x86.Build.0 = Debug|Any CPU
		{AF4EDF5B-354C-48DA-AC7D-9715C02E1795}.Debug|Any CPU.ActiveCfg = Debug|Any CPU
		{AF4EDF5B-354C-48DA-AC7D-9715C02E1795}.Debug|Any CPU.Build.0 = Debug|Any CPU
		{AF4EDF5B-354C-48DA-AC7D-9715C02E1795}.Debug|ARM.ActiveCfg = Debug|Any CPU
		{AF4EDF5B-354C-48DA-AC7D-9715C02E1795}.Debug|ARM.Build.0 = Debug|Any CPU
		{AF4EDF5B-354C-48DA-AC7D-9715C02E1795}.Debug|iPhone.ActiveCfg = Debug|Any CPU
		{AF4EDF5B-354C-48DA-AC7D-9715C02E1795}.Debug|iPhone.Build.0 = Debug|Any CPU
		{AF4EDF5B-354C-48DA-AC7D-9715C02E1795}.Debug|iPhoneSimulator.ActiveCfg = Debug|Any CPU
		{AF4EDF5B-354C-48DA-AC7D-9715C02E1795}.Debug|iPhoneSimulator.Build.0 = Debug|Any CPU
		{AF4EDF5B-354C-48DA-AC7D-9715C02E1795}.Debug|x64.ActiveCfg = Debug|Any CPU
		{AF4EDF5B-354C-48DA-AC7D-9715C02E1795}.Debug|x64.Build.0 = Debug|Any CPU
		{AF4EDF5B-354C-48DA-AC7D-9715C02E1795}.Debug|x86.ActiveCfg = Debug|Any CPU
		{AF4EDF5B-354C-48DA-AC7D-9715C02E1795}.Debug|x86.Build.0 = Debug|Any CPU
		{AF4EDF5B-354C-48DA-AC7D-9715C02E1795}.Release|Any CPU.ActiveCfg = Release|Any CPU
		{AF4EDF5B-354C-48DA-AC7D-9715C02E1795}.Release|Any CPU.Build.0 = Release|Any CPU
		{AF4EDF5B-354C-48DA-AC7D-9715C02E1795}.Release|ARM.ActiveCfg = Release|Any CPU
		{AF4EDF5B-354C-48DA-AC7D-9715C02E1795}.Release|ARM.Build.0 = Release|Any CPU
		{AF4EDF5B-354C-48DA-AC7D-9715C02E1795}.Release|iPhone.ActiveCfg = Release|Any CPU
		{AF4EDF5B-354C-48DA-AC7D-9715C02E1795}.Release|iPhone.Build.0 = Release|Any CPU
		{AF4EDF5B-354C-48DA-AC7D-9715C02E1795}.Release|iPhoneSimulator.ActiveCfg = Release|Any CPU
		{AF4EDF5B-354C-48DA-AC7D-9715C02E1795}.Release|iPhoneSimulator.Build.0 = Release|Any CPU
		{AF4EDF5B-354C-48DA-AC7D-9715C02E1795}.Release|x64.ActiveCfg = Release|Any CPU
		{AF4EDF5B-354C-48DA-AC7D-9715C02E1795}.Release|x64.Build.0 = Release|Any CPU
		{AF4EDF5B-354C-48DA-AC7D-9715C02E1795}.Release|x86.ActiveCfg = Release|Any CPU
		{AF4EDF5B-354C-48DA-AC7D-9715C02E1795}.Release|x86.Build.0 = Release|Any CPU
		{CE09DF20-2617-4F25-BDE3-B45EEBF3E094}.Ad-Hoc|Any CPU.ActiveCfg = Release|Any CPU
		{CE09DF20-2617-4F25-BDE3-B45EEBF3E094}.Ad-Hoc|Any CPU.Build.0 = Release|Any CPU
		{CE09DF20-2617-4F25-BDE3-B45EEBF3E094}.Ad-Hoc|Any CPU.Deploy.0 = Release|Any CPU
		{CE09DF20-2617-4F25-BDE3-B45EEBF3E094}.Ad-Hoc|ARM.ActiveCfg = Release|Any CPU
		{CE09DF20-2617-4F25-BDE3-B45EEBF3E094}.Ad-Hoc|ARM.Build.0 = Release|Any CPU
		{CE09DF20-2617-4F25-BDE3-B45EEBF3E094}.Ad-Hoc|ARM.Deploy.0 = Release|Any CPU
		{CE09DF20-2617-4F25-BDE3-B45EEBF3E094}.Ad-Hoc|iPhone.ActiveCfg = Release|Any CPU
		{CE09DF20-2617-4F25-BDE3-B45EEBF3E094}.Ad-Hoc|iPhone.Build.0 = Release|Any CPU
		{CE09DF20-2617-4F25-BDE3-B45EEBF3E094}.Ad-Hoc|iPhone.Deploy.0 = Release|Any CPU
		{CE09DF20-2617-4F25-BDE3-B45EEBF3E094}.Ad-Hoc|iPhoneSimulator.ActiveCfg = Release|Any CPU
		{CE09DF20-2617-4F25-BDE3-B45EEBF3E094}.Ad-Hoc|iPhoneSimulator.Build.0 = Release|Any CPU
		{CE09DF20-2617-4F25-BDE3-B45EEBF3E094}.Ad-Hoc|iPhoneSimulator.Deploy.0 = Release|Any CPU
		{CE09DF20-2617-4F25-BDE3-B45EEBF3E094}.Ad-Hoc|x64.ActiveCfg = Release|Any CPU
		{CE09DF20-2617-4F25-BDE3-B45EEBF3E094}.Ad-Hoc|x64.Build.0 = Release|Any CPU
		{CE09DF20-2617-4F25-BDE3-B45EEBF3E094}.Ad-Hoc|x64.Deploy.0 = Release|Any CPU
		{CE09DF20-2617-4F25-BDE3-B45EEBF3E094}.Ad-Hoc|x86.ActiveCfg = Release|Any CPU
		{CE09DF20-2617-4F25-BDE3-B45EEBF3E094}.Ad-Hoc|x86.Build.0 = Release|Any CPU
		{CE09DF20-2617-4F25-BDE3-B45EEBF3E094}.Ad-Hoc|x86.Deploy.0 = Release|Any CPU
		{CE09DF20-2617-4F25-BDE3-B45EEBF3E094}.AppStore|Any CPU.ActiveCfg = Release|Any CPU
		{CE09DF20-2617-4F25-BDE3-B45EEBF3E094}.AppStore|Any CPU.Build.0 = Release|Any CPU
		{CE09DF20-2617-4F25-BDE3-B45EEBF3E094}.AppStore|Any CPU.Deploy.0 = Release|Any CPU
		{CE09DF20-2617-4F25-BDE3-B45EEBF3E094}.AppStore|ARM.ActiveCfg = Release|Any CPU
		{CE09DF20-2617-4F25-BDE3-B45EEBF3E094}.AppStore|ARM.Build.0 = Release|Any CPU
		{CE09DF20-2617-4F25-BDE3-B45EEBF3E094}.AppStore|ARM.Deploy.0 = Release|Any CPU
		{CE09DF20-2617-4F25-BDE3-B45EEBF3E094}.AppStore|iPhone.ActiveCfg = Release|Any CPU
		{CE09DF20-2617-4F25-BDE3-B45EEBF3E094}.AppStore|iPhone.Build.0 = Release|Any CPU
		{CE09DF20-2617-4F25-BDE3-B45EEBF3E094}.AppStore|iPhone.Deploy.0 = Release|Any CPU
		{CE09DF20-2617-4F25-BDE3-B45EEBF3E094}.AppStore|iPhoneSimulator.ActiveCfg = Release|Any CPU
		{CE09DF20-2617-4F25-BDE3-B45EEBF3E094}.AppStore|iPhoneSimulator.Build.0 = Release|Any CPU
		{CE09DF20-2617-4F25-BDE3-B45EEBF3E094}.AppStore|iPhoneSimulator.Deploy.0 = Release|Any CPU
		{CE09DF20-2617-4F25-BDE3-B45EEBF3E094}.AppStore|x64.ActiveCfg = Release|Any CPU
		{CE09DF20-2617-4F25-BDE3-B45EEBF3E094}.AppStore|x64.Build.0 = Release|Any CPU
		{CE09DF20-2617-4F25-BDE3-B45EEBF3E094}.AppStore|x64.Deploy.0 = Release|Any CPU
		{CE09DF20-2617-4F25-BDE3-B45EEBF3E094}.AppStore|x86.ActiveCfg = Release|Any CPU
		{CE09DF20-2617-4F25-BDE3-B45EEBF3E094}.AppStore|x86.Build.0 = Release|Any CPU
		{CE09DF20-2617-4F25-BDE3-B45EEBF3E094}.AppStore|x86.Deploy.0 = Release|Any CPU
		{CE09DF20-2617-4F25-BDE3-B45EEBF3E094}.Debug|Any CPU.ActiveCfg = Debug|Any CPU
		{CE09DF20-2617-4F25-BDE3-B45EEBF3E094}.Debug|Any CPU.Build.0 = Debug|Any CPU
		{CE09DF20-2617-4F25-BDE3-B45EEBF3E094}.Debug|Any CPU.Deploy.0 = Debug|Any CPU
		{CE09DF20-2617-4F25-BDE3-B45EEBF3E094}.Debug|ARM.ActiveCfg = Debug|Any CPU
		{CE09DF20-2617-4F25-BDE3-B45EEBF3E094}.Debug|ARM.Build.0 = Debug|Any CPU
		{CE09DF20-2617-4F25-BDE3-B45EEBF3E094}.Debug|ARM.Deploy.0 = Debug|Any CPU
		{CE09DF20-2617-4F25-BDE3-B45EEBF3E094}.Debug|iPhone.ActiveCfg = Debug|Any CPU
		{CE09DF20-2617-4F25-BDE3-B45EEBF3E094}.Debug|iPhone.Build.0 = Debug|Any CPU
		{CE09DF20-2617-4F25-BDE3-B45EEBF3E094}.Debug|iPhone.Deploy.0 = Debug|Any CPU
		{CE09DF20-2617-4F25-BDE3-B45EEBF3E094}.Debug|iPhoneSimulator.ActiveCfg = Debug|Any CPU
		{CE09DF20-2617-4F25-BDE3-B45EEBF3E094}.Debug|iPhoneSimulator.Build.0 = Debug|Any CPU
		{CE09DF20-2617-4F25-BDE3-B45EEBF3E094}.Debug|iPhoneSimulator.Deploy.0 = Debug|Any CPU
		{CE09DF20-2617-4F25-BDE3-B45EEBF3E094}.Debug|x64.ActiveCfg = Debug|Any CPU
		{CE09DF20-2617-4F25-BDE3-B45EEBF3E094}.Debug|x64.Build.0 = Debug|Any CPU
		{CE09DF20-2617-4F25-BDE3-B45EEBF3E094}.Debug|x64.Deploy.0 = Debug|Any CPU
		{CE09DF20-2617-4F25-BDE3-B45EEBF3E094}.Debug|x86.ActiveCfg = Debug|Any CPU
		{CE09DF20-2617-4F25-BDE3-B45EEBF3E094}.Debug|x86.Build.0 = Debug|Any CPU
		{CE09DF20-2617-4F25-BDE3-B45EEBF3E094}.Debug|x86.Deploy.0 = Debug|Any CPU
		{CE09DF20-2617-4F25-BDE3-B45EEBF3E094}.Release|Any CPU.ActiveCfg = Release|Any CPU
		{CE09DF20-2617-4F25-BDE3-B45EEBF3E094}.Release|Any CPU.Build.0 = Release|Any CPU
		{CE09DF20-2617-4F25-BDE3-B45EEBF3E094}.Release|Any CPU.Deploy.0 = Release|Any CPU
		{CE09DF20-2617-4F25-BDE3-B45EEBF3E094}.Release|ARM.ActiveCfg = Release|Any CPU
		{CE09DF20-2617-4F25-BDE3-B45EEBF3E094}.Release|ARM.Build.0 = Release|Any CPU
		{CE09DF20-2617-4F25-BDE3-B45EEBF3E094}.Release|ARM.Deploy.0 = Release|Any CPU
		{CE09DF20-2617-4F25-BDE3-B45EEBF3E094}.Release|iPhone.ActiveCfg = Release|Any CPU
		{CE09DF20-2617-4F25-BDE3-B45EEBF3E094}.Release|iPhone.Build.0 = Release|Any CPU
		{CE09DF20-2617-4F25-BDE3-B45EEBF3E094}.Release|iPhone.Deploy.0 = Release|Any CPU
		{CE09DF20-2617-4F25-BDE3-B45EEBF3E094}.Release|iPhoneSimulator.ActiveCfg = Release|Any CPU
		{CE09DF20-2617-4F25-BDE3-B45EEBF3E094}.Release|iPhoneSimulator.Build.0 = Release|Any CPU
		{CE09DF20-2617-4F25-BDE3-B45EEBF3E094}.Release|iPhoneSimulator.Deploy.0 = Release|Any CPU
		{CE09DF20-2617-4F25-BDE3-B45EEBF3E094}.Release|x64.ActiveCfg = Release|Any CPU
		{CE09DF20-2617-4F25-BDE3-B45EEBF3E094}.Release|x64.Build.0 = Release|Any CPU
		{CE09DF20-2617-4F25-BDE3-B45EEBF3E094}.Release|x64.Deploy.0 = Release|Any CPU
		{CE09DF20-2617-4F25-BDE3-B45EEBF3E094}.Release|x86.ActiveCfg = Release|Any CPU
		{CE09DF20-2617-4F25-BDE3-B45EEBF3E094}.Release|x86.Build.0 = Release|Any CPU
		{CE09DF20-2617-4F25-BDE3-B45EEBF3E094}.Release|x86.Deploy.0 = Release|Any CPU
		{E664C2D3-8AA5-43A0-BB09-03F79D7A840B}.Ad-Hoc|Any CPU.ActiveCfg = Ad-Hoc|iPhone
		{E664C2D3-8AA5-43A0-BB09-03F79D7A840B}.Ad-Hoc|ARM.ActiveCfg = Ad-Hoc|iPhone
		{E664C2D3-8AA5-43A0-BB09-03F79D7A840B}.Ad-Hoc|iPhone.ActiveCfg = Ad-Hoc|iPhone
		{E664C2D3-8AA5-43A0-BB09-03F79D7A840B}.Ad-Hoc|iPhone.Build.0 = Ad-Hoc|iPhone
		{E664C2D3-8AA5-43A0-BB09-03F79D7A840B}.Ad-Hoc|iPhoneSimulator.ActiveCfg = Ad-Hoc|iPhoneSimulator
		{E664C2D3-8AA5-43A0-BB09-03F79D7A840B}.Ad-Hoc|iPhoneSimulator.Build.0 = Ad-Hoc|iPhoneSimulator
		{E664C2D3-8AA5-43A0-BB09-03F79D7A840B}.Ad-Hoc|x64.ActiveCfg = Ad-Hoc|iPhone
		{E664C2D3-8AA5-43A0-BB09-03F79D7A840B}.Ad-Hoc|x86.ActiveCfg = Ad-Hoc|iPhone
		{E664C2D3-8AA5-43A0-BB09-03F79D7A840B}.AppStore|Any CPU.ActiveCfg = AppStore|iPhone
		{E664C2D3-8AA5-43A0-BB09-03F79D7A840B}.AppStore|ARM.ActiveCfg = AppStore|iPhone
		{E664C2D3-8AA5-43A0-BB09-03F79D7A840B}.AppStore|iPhone.ActiveCfg = AppStore|iPhone
		{E664C2D3-8AA5-43A0-BB09-03F79D7A840B}.AppStore|iPhone.Build.0 = AppStore|iPhone
		{E664C2D3-8AA5-43A0-BB09-03F79D7A840B}.AppStore|iPhoneSimulator.ActiveCfg = AppStore|iPhoneSimulator
		{E664C2D3-8AA5-43A0-BB09-03F79D7A840B}.AppStore|iPhoneSimulator.Build.0 = AppStore|iPhoneSimulator
		{E664C2D3-8AA5-43A0-BB09-03F79D7A840B}.AppStore|x64.ActiveCfg = AppStore|iPhone
		{E664C2D3-8AA5-43A0-BB09-03F79D7A840B}.AppStore|x86.ActiveCfg = AppStore|iPhone
		{E664C2D3-8AA5-43A0-BB09-03F79D7A840B}.Debug|Any CPU.ActiveCfg = Debug|iPhone
		{E664C2D3-8AA5-43A0-BB09-03F79D7A840B}.Debug|ARM.ActiveCfg = Debug|iPhone
		{E664C2D3-8AA5-43A0-BB09-03F79D7A840B}.Debug|iPhone.ActiveCfg = Debug|iPhone
		{E664C2D3-8AA5-43A0-BB09-03F79D7A840B}.Debug|iPhone.Build.0 = Debug|iPhone
		{E664C2D3-8AA5-43A0-BB09-03F79D7A840B}.Debug|iPhoneSimulator.ActiveCfg = Debug|iPhoneSimulator
		{E664C2D3-8AA5-43A0-BB09-03F79D7A840B}.Debug|iPhoneSimulator.Build.0 = Debug|iPhoneSimulator
		{E664C2D3-8AA5-43A0-BB09-03F79D7A840B}.Debug|x64.ActiveCfg = Debug|iPhone
		{E664C2D3-8AA5-43A0-BB09-03F79D7A840B}.Debug|x86.ActiveCfg = Debug|iPhone
		{E664C2D3-8AA5-43A0-BB09-03F79D7A840B}.Release|Any CPU.ActiveCfg = Release|iPhone
		{E664C2D3-8AA5-43A0-BB09-03F79D7A840B}.Release|ARM.ActiveCfg = Release|iPhone
		{E664C2D3-8AA5-43A0-BB09-03F79D7A840B}.Release|iPhone.ActiveCfg = Release|iPhone
		{E664C2D3-8AA5-43A0-BB09-03F79D7A840B}.Release|iPhone.Build.0 = Release|iPhone
		{E664C2D3-8AA5-43A0-BB09-03F79D7A840B}.Release|iPhoneSimulator.ActiveCfg = Release|iPhoneSimulator
		{E664C2D3-8AA5-43A0-BB09-03F79D7A840B}.Release|iPhoneSimulator.Build.0 = Release|iPhoneSimulator
		{E664C2D3-8AA5-43A0-BB09-03F79D7A840B}.Release|x64.ActiveCfg = Release|iPhone
		{E664C2D3-8AA5-43A0-BB09-03F79D7A840B}.Release|x86.ActiveCfg = Release|iPhone
		{582E7E23-0E2B-4F3B-95C6-4869066C865E}.Ad-Hoc|Any CPU.ActiveCfg = Release|x86
		{582E7E23-0E2B-4F3B-95C6-4869066C865E}.Ad-Hoc|Any CPU.Build.0 = Release|x86
		{582E7E23-0E2B-4F3B-95C6-4869066C865E}.Ad-Hoc|Any CPU.Deploy.0 = Release|x86
		{582E7E23-0E2B-4F3B-95C6-4869066C865E}.Ad-Hoc|ARM.ActiveCfg = Release|ARM
		{582E7E23-0E2B-4F3B-95C6-4869066C865E}.Ad-Hoc|ARM.Build.0 = Release|ARM
		{582E7E23-0E2B-4F3B-95C6-4869066C865E}.Ad-Hoc|ARM.Deploy.0 = Release|ARM
		{582E7E23-0E2B-4F3B-95C6-4869066C865E}.Ad-Hoc|iPhone.ActiveCfg = Release|x86
		{582E7E23-0E2B-4F3B-95C6-4869066C865E}.Ad-Hoc|iPhone.Build.0 = Release|x86
		{582E7E23-0E2B-4F3B-95C6-4869066C865E}.Ad-Hoc|iPhone.Deploy.0 = Release|x86
		{582E7E23-0E2B-4F3B-95C6-4869066C865E}.Ad-Hoc|iPhoneSimulator.ActiveCfg = Release|x86
		{582E7E23-0E2B-4F3B-95C6-4869066C865E}.Ad-Hoc|iPhoneSimulator.Build.0 = Release|x86
		{582E7E23-0E2B-4F3B-95C6-4869066C865E}.Ad-Hoc|iPhoneSimulator.Deploy.0 = Release|x86
		{582E7E23-0E2B-4F3B-95C6-4869066C865E}.Ad-Hoc|x64.ActiveCfg = Release|x64
		{582E7E23-0E2B-4F3B-95C6-4869066C865E}.Ad-Hoc|x64.Build.0 = Release|x64
		{582E7E23-0E2B-4F3B-95C6-4869066C865E}.Ad-Hoc|x64.Deploy.0 = Release|x64
		{582E7E23-0E2B-4F3B-95C6-4869066C865E}.Ad-Hoc|x86.ActiveCfg = Release|x86
		{582E7E23-0E2B-4F3B-95C6-4869066C865E}.Ad-Hoc|x86.Build.0 = Release|x86
		{582E7E23-0E2B-4F3B-95C6-4869066C865E}.Ad-Hoc|x86.Deploy.0 = Release|x86
		{582E7E23-0E2B-4F3B-95C6-4869066C865E}.AppStore|Any CPU.ActiveCfg = Release|x86
		{582E7E23-0E2B-4F3B-95C6-4869066C865E}.AppStore|Any CPU.Build.0 = Release|x86
		{582E7E23-0E2B-4F3B-95C6-4869066C865E}.AppStore|Any CPU.Deploy.0 = Release|x86
		{582E7E23-0E2B-4F3B-95C6-4869066C865E}.AppStore|ARM.ActiveCfg = Release|ARM
		{582E7E23-0E2B-4F3B-95C6-4869066C865E}.AppStore|ARM.Build.0 = Release|ARM
		{582E7E23-0E2B-4F3B-95C6-4869066C865E}.AppStore|ARM.Deploy.0 = Release|ARM
		{582E7E23-0E2B-4F3B-95C6-4869066C865E}.AppStore|iPhone.ActiveCfg = Release|x86
		{582E7E23-0E2B-4F3B-95C6-4869066C865E}.AppStore|iPhone.Build.0 = Release|x86
		{582E7E23-0E2B-4F3B-95C6-4869066C865E}.AppStore|iPhone.Deploy.0 = Release|x86
		{582E7E23-0E2B-4F3B-95C6-4869066C865E}.AppStore|iPhoneSimulator.ActiveCfg = Release|x86
		{582E7E23-0E2B-4F3B-95C6-4869066C865E}.AppStore|iPhoneSimulator.Build.0 = Release|x86
		{582E7E23-0E2B-4F3B-95C6-4869066C865E}.AppStore|iPhoneSimulator.Deploy.0 = Release|x86
		{582E7E23-0E2B-4F3B-95C6-4869066C865E}.AppStore|x64.ActiveCfg = Release|x64
		{582E7E23-0E2B-4F3B-95C6-4869066C865E}.AppStore|x64.Build.0 = Release|x64
		{582E7E23-0E2B-4F3B-95C6-4869066C865E}.AppStore|x64.Deploy.0 = Release|x64
		{582E7E23-0E2B-4F3B-95C6-4869066C865E}.AppStore|x86.ActiveCfg = Release|x86
		{582E7E23-0E2B-4F3B-95C6-4869066C865E}.AppStore|x86.Build.0 = Release|x86
		{582E7E23-0E2B-4F3B-95C6-4869066C865E}.AppStore|x86.Deploy.0 = Release|x86
		{582E7E23-0E2B-4F3B-95C6-4869066C865E}.Debug|Any CPU.ActiveCfg = Debug|x86
		{582E7E23-0E2B-4F3B-95C6-4869066C865E}.Debug|ARM.ActiveCfg = Debug|ARM
		{582E7E23-0E2B-4F3B-95C6-4869066C865E}.Debug|ARM.Build.0 = Debug|ARM
		{582E7E23-0E2B-4F3B-95C6-4869066C865E}.Debug|ARM.Deploy.0 = Debug|ARM
		{582E7E23-0E2B-4F3B-95C6-4869066C865E}.Debug|iPhone.ActiveCfg = Debug|x86
		{582E7E23-0E2B-4F3B-95C6-4869066C865E}.Debug|iPhoneSimulator.ActiveCfg = Debug|x86
		{582E7E23-0E2B-4F3B-95C6-4869066C865E}.Debug|x64.ActiveCfg = Debug|x64
		{582E7E23-0E2B-4F3B-95C6-4869066C865E}.Debug|x64.Build.0 = Debug|x64
		{582E7E23-0E2B-4F3B-95C6-4869066C865E}.Debug|x64.Deploy.0 = Debug|x64
		{582E7E23-0E2B-4F3B-95C6-4869066C865E}.Debug|x86.ActiveCfg = Debug|x86
		{582E7E23-0E2B-4F3B-95C6-4869066C865E}.Debug|x86.Build.0 = Debug|x86
		{582E7E23-0E2B-4F3B-95C6-4869066C865E}.Debug|x86.Deploy.0 = Debug|x86
		{582E7E23-0E2B-4F3B-95C6-4869066C865E}.Release|Any CPU.ActiveCfg = Release|x86
		{582E7E23-0E2B-4F3B-95C6-4869066C865E}.Release|ARM.ActiveCfg = Release|ARM
		{582E7E23-0E2B-4F3B-95C6-4869066C865E}.Release|ARM.Build.0 = Release|ARM
		{582E7E23-0E2B-4F3B-95C6-4869066C865E}.Release|ARM.Deploy.0 = Release|ARM
		{582E7E23-0E2B-4F3B-95C6-4869066C865E}.Release|iPhone.ActiveCfg = Release|x86
		{582E7E23-0E2B-4F3B-95C6-4869066C865E}.Release|iPhoneSimulator.ActiveCfg = Release|x86
		{582E7E23-0E2B-4F3B-95C6-4869066C865E}.Release|x64.ActiveCfg = Release|x64
		{582E7E23-0E2B-4F3B-95C6-4869066C865E}.Release|x64.Build.0 = Release|x64
		{582E7E23-0E2B-4F3B-95C6-4869066C865E}.Release|x64.Deploy.0 = Release|x64
		{582E7E23-0E2B-4F3B-95C6-4869066C865E}.Release|x86.ActiveCfg = Release|x86
		{582E7E23-0E2B-4F3B-95C6-4869066C865E}.Release|x86.Build.0 = Release|x86
		{582E7E23-0E2B-4F3B-95C6-4869066C865E}.Release|x86.Deploy.0 = Release|x86
		{5C099FA8-7AF5-4847-AD0E-B82503F69392}.Ad-Hoc|Any CPU.ActiveCfg = Debug|Any CPU
		{5C099FA8-7AF5-4847-AD0E-B82503F69392}.Ad-Hoc|Any CPU.Build.0 = Debug|Any CPU
		{5C099FA8-7AF5-4847-AD0E-B82503F69392}.Ad-Hoc|ARM.ActiveCfg = Debug|Any CPU
		{5C099FA8-7AF5-4847-AD0E-B82503F69392}.Ad-Hoc|ARM.Build.0 = Debug|Any CPU
		{5C099FA8-7AF5-4847-AD0E-B82503F69392}.Ad-Hoc|iPhone.ActiveCfg = Debug|Any CPU
		{5C099FA8-7AF5-4847-AD0E-B82503F69392}.Ad-Hoc|iPhone.Build.0 = Debug|Any CPU
		{5C099FA8-7AF5-4847-AD0E-B82503F69392}.Ad-Hoc|iPhoneSimulator.ActiveCfg = Debug|Any CPU
		{5C099FA8-7AF5-4847-AD0E-B82503F69392}.Ad-Hoc|iPhoneSimulator.Build.0 = Debug|Any CPU
		{5C099FA8-7AF5-4847-AD0E-B82503F69392}.Ad-Hoc|x64.ActiveCfg = Debug|Any CPU
		{5C099FA8-7AF5-4847-AD0E-B82503F69392}.Ad-Hoc|x64.Build.0 = Debug|Any CPU
		{5C099FA8-7AF5-4847-AD0E-B82503F69392}.Ad-Hoc|x86.ActiveCfg = Debug|Any CPU
		{5C099FA8-7AF5-4847-AD0E-B82503F69392}.Ad-Hoc|x86.Build.0 = Debug|Any CPU
		{5C099FA8-7AF5-4847-AD0E-B82503F69392}.AppStore|Any CPU.ActiveCfg = Debug|Any CPU
		{5C099FA8-7AF5-4847-AD0E-B82503F69392}.AppStore|Any CPU.Build.0 = Debug|Any CPU
		{5C099FA8-7AF5-4847-AD0E-B82503F69392}.AppStore|ARM.ActiveCfg = Debug|Any CPU
		{5C099FA8-7AF5-4847-AD0E-B82503F69392}.AppStore|ARM.Build.0 = Debug|Any CPU
		{5C099FA8-7AF5-4847-AD0E-B82503F69392}.AppStore|iPhone.ActiveCfg = Debug|Any CPU
		{5C099FA8-7AF5-4847-AD0E-B82503F69392}.AppStore|iPhone.Build.0 = Debug|Any CPU
		{5C099FA8-7AF5-4847-AD0E-B82503F69392}.AppStore|iPhoneSimulator.ActiveCfg = Debug|Any CPU
		{5C099FA8-7AF5-4847-AD0E-B82503F69392}.AppStore|iPhoneSimulator.Build.0 = Debug|Any CPU
		{5C099FA8-7AF5-4847-AD0E-B82503F69392}.AppStore|x64.ActiveCfg = Debug|Any CPU
		{5C099FA8-7AF5-4847-AD0E-B82503F69392}.AppStore|x64.Build.0 = Debug|Any CPU
		{5C099FA8-7AF5-4847-AD0E-B82503F69392}.AppStore|x86.ActiveCfg = Debug|Any CPU
		{5C099FA8-7AF5-4847-AD0E-B82503F69392}.AppStore|x86.Build.0 = Debug|Any CPU
		{5C099FA8-7AF5-4847-AD0E-B82503F69392}.Debug|Any CPU.ActiveCfg = Debug|Any CPU
		{5C099FA8-7AF5-4847-AD0E-B82503F69392}.Debug|Any CPU.Build.0 = Debug|Any CPU
		{5C099FA8-7AF5-4847-AD0E-B82503F69392}.Debug|ARM.ActiveCfg = Debug|Any CPU
		{5C099FA8-7AF5-4847-AD0E-B82503F69392}.Debug|ARM.Build.0 = Debug|Any CPU
		{5C099FA8-7AF5-4847-AD0E-B82503F69392}.Debug|iPhone.ActiveCfg = Debug|Any CPU
		{5C099FA8-7AF5-4847-AD0E-B82503F69392}.Debug|iPhone.Build.0 = Debug|Any CPU
		{5C099FA8-7AF5-4847-AD0E-B82503F69392}.Debug|iPhoneSimulator.ActiveCfg = Debug|Any CPU
		{5C099FA8-7AF5-4847-AD0E-B82503F69392}.Debug|iPhoneSimulator.Build.0 = Debug|Any CPU
		{5C099FA8-7AF5-4847-AD0E-B82503F69392}.Debug|x64.ActiveCfg = Debug|Any CPU
		{5C099FA8-7AF5-4847-AD0E-B82503F69392}.Debug|x64.Build.0 = Debug|Any CPU
		{5C099FA8-7AF5-4847-AD0E-B82503F69392}.Debug|x86.ActiveCfg = Debug|Any CPU
		{5C099FA8-7AF5-4847-AD0E-B82503F69392}.Debug|x86.Build.0 = Debug|Any CPU
		{5C099FA8-7AF5-4847-AD0E-B82503F69392}.Release|Any CPU.ActiveCfg = Release|Any CPU
		{5C099FA8-7AF5-4847-AD0E-B82503F69392}.Release|Any CPU.Build.0 = Release|Any CPU
		{5C099FA8-7AF5-4847-AD0E-B82503F69392}.Release|ARM.ActiveCfg = Release|Any CPU
		{5C099FA8-7AF5-4847-AD0E-B82503F69392}.Release|ARM.Build.0 = Release|Any CPU
		{5C099FA8-7AF5-4847-AD0E-B82503F69392}.Release|iPhone.ActiveCfg = Release|Any CPU
		{5C099FA8-7AF5-4847-AD0E-B82503F69392}.Release|iPhone.Build.0 = Release|Any CPU
		{5C099FA8-7AF5-4847-AD0E-B82503F69392}.Release|iPhoneSimulator.ActiveCfg = Release|Any CPU
		{5C099FA8-7AF5-4847-AD0E-B82503F69392}.Release|iPhoneSimulator.Build.0 = Release|Any CPU
		{5C099FA8-7AF5-4847-AD0E-B82503F69392}.Release|x64.ActiveCfg = Release|Any CPU
		{5C099FA8-7AF5-4847-AD0E-B82503F69392}.Release|x64.Build.0 = Release|Any CPU
		{5C099FA8-7AF5-4847-AD0E-B82503F69392}.Release|x86.ActiveCfg = Release|Any CPU
		{5C099FA8-7AF5-4847-AD0E-B82503F69392}.Release|x86.Build.0 = Release|Any CPU
		{13E9CFFC-2F9E-4D40-B1AE-57F61E815642}.Ad-Hoc|Any CPU.ActiveCfg = Release|Any CPU
		{13E9CFFC-2F9E-4D40-B1AE-57F61E815642}.Ad-Hoc|Any CPU.Build.0 = Release|Any CPU
		{13E9CFFC-2F9E-4D40-B1AE-57F61E815642}.Ad-Hoc|ARM.ActiveCfg = Release|ARM
		{13E9CFFC-2F9E-4D40-B1AE-57F61E815642}.Ad-Hoc|ARM.Build.0 = Release|ARM
		{13E9CFFC-2F9E-4D40-B1AE-57F61E815642}.Ad-Hoc|iPhone.ActiveCfg = Release|Any CPU
		{13E9CFFC-2F9E-4D40-B1AE-57F61E815642}.Ad-Hoc|iPhone.Build.0 = Release|Any CPU
		{13E9CFFC-2F9E-4D40-B1AE-57F61E815642}.Ad-Hoc|iPhoneSimulator.ActiveCfg = Release|Any CPU
		{13E9CFFC-2F9E-4D40-B1AE-57F61E815642}.Ad-Hoc|iPhoneSimulator.Build.0 = Release|Any CPU
		{13E9CFFC-2F9E-4D40-B1AE-57F61E815642}.Ad-Hoc|x64.ActiveCfg = Release|x64
		{13E9CFFC-2F9E-4D40-B1AE-57F61E815642}.Ad-Hoc|x64.Build.0 = Release|x64
		{13E9CFFC-2F9E-4D40-B1AE-57F61E815642}.Ad-Hoc|x86.ActiveCfg = Release|x86
		{13E9CFFC-2F9E-4D40-B1AE-57F61E815642}.Ad-Hoc|x86.Build.0 = Release|x86
		{13E9CFFC-2F9E-4D40-B1AE-57F61E815642}.AppStore|Any CPU.ActiveCfg = Release|Any CPU
		{13E9CFFC-2F9E-4D40-B1AE-57F61E815642}.AppStore|Any CPU.Build.0 = Release|Any CPU
		{13E9CFFC-2F9E-4D40-B1AE-57F61E815642}.AppStore|ARM.ActiveCfg = Release|ARM
		{13E9CFFC-2F9E-4D40-B1AE-57F61E815642}.AppStore|ARM.Build.0 = Release|ARM
		{13E9CFFC-2F9E-4D40-B1AE-57F61E815642}.AppStore|iPhone.ActiveCfg = Release|Any CPU
		{13E9CFFC-2F9E-4D40-B1AE-57F61E815642}.AppStore|iPhone.Build.0 = Release|Any CPU
		{13E9CFFC-2F9E-4D40-B1AE-57F61E815642}.AppStore|iPhoneSimulator.ActiveCfg = Release|Any CPU
		{13E9CFFC-2F9E-4D40-B1AE-57F61E815642}.AppStore|iPhoneSimulator.Build.0 = Release|Any CPU
		{13E9CFFC-2F9E-4D40-B1AE-57F61E815642}.AppStore|x64.ActiveCfg = Release|x64
		{13E9CFFC-2F9E-4D40-B1AE-57F61E815642}.AppStore|x64.Build.0 = Release|x64
		{13E9CFFC-2F9E-4D40-B1AE-57F61E815642}.AppStore|x86.ActiveCfg = Release|x86
		{13E9CFFC-2F9E-4D40-B1AE-57F61E815642}.AppStore|x86.Build.0 = Release|x86
		{13E9CFFC-2F9E-4D40-B1AE-57F61E815642}.Debug|Any CPU.ActiveCfg = Debug|Any CPU
		{13E9CFFC-2F9E-4D40-B1AE-57F61E815642}.Debug|Any CPU.Build.0 = Debug|Any CPU
		{13E9CFFC-2F9E-4D40-B1AE-57F61E815642}.Debug|ARM.ActiveCfg = Debug|ARM
		{13E9CFFC-2F9E-4D40-B1AE-57F61E815642}.Debug|ARM.Build.0 = Debug|ARM
		{13E9CFFC-2F9E-4D40-B1AE-57F61E815642}.Debug|iPhone.ActiveCfg = Debug|Any CPU
		{13E9CFFC-2F9E-4D40-B1AE-57F61E815642}.Debug|iPhone.Build.0 = Debug|Any CPU
		{13E9CFFC-2F9E-4D40-B1AE-57F61E815642}.Debug|iPhoneSimulator.ActiveCfg = Debug|Any CPU
		{13E9CFFC-2F9E-4D40-B1AE-57F61E815642}.Debug|iPhoneSimulator.Build.0 = Debug|Any CPU
		{13E9CFFC-2F9E-4D40-B1AE-57F61E815642}.Debug|x64.ActiveCfg = Debug|x64
		{13E9CFFC-2F9E-4D40-B1AE-57F61E815642}.Debug|x64.Build.0 = Debug|x64
		{13E9CFFC-2F9E-4D40-B1AE-57F61E815642}.Debug|x86.ActiveCfg = Debug|x86
		{13E9CFFC-2F9E-4D40-B1AE-57F61E815642}.Debug|x86.Build.0 = Debug|x86
		{13E9CFFC-2F9E-4D40-B1AE-57F61E815642}.Release|Any CPU.ActiveCfg = Release|Any CPU
		{13E9CFFC-2F9E-4D40-B1AE-57F61E815642}.Release|Any CPU.Build.0 = Release|Any CPU
		{13E9CFFC-2F9E-4D40-B1AE-57F61E815642}.Release|ARM.ActiveCfg = Release|ARM
		{13E9CFFC-2F9E-4D40-B1AE-57F61E815642}.Release|ARM.Build.0 = Release|ARM
		{13E9CFFC-2F9E-4D40-B1AE-57F61E815642}.Release|iPhone.ActiveCfg = Release|Any CPU
		{13E9CFFC-2F9E-4D40-B1AE-57F61E815642}.Release|iPhone.Build.0 = Release|Any CPU
		{13E9CFFC-2F9E-4D40-B1AE-57F61E815642}.Release|iPhoneSimulator.ActiveCfg = Release|Any CPU
		{13E9CFFC-2F9E-4D40-B1AE-57F61E815642}.Release|iPhoneSimulator.Build.0 = Release|Any CPU
		{13E9CFFC-2F9E-4D40-B1AE-57F61E815642}.Release|x64.ActiveCfg = Release|x64
		{13E9CFFC-2F9E-4D40-B1AE-57F61E815642}.Release|x64.Build.0 = Release|x64
		{13E9CFFC-2F9E-4D40-B1AE-57F61E815642}.Release|x86.ActiveCfg = Release|x86
		{13E9CFFC-2F9E-4D40-B1AE-57F61E815642}.Release|x86.Build.0 = Release|x86
		{C212A056-8DEF-45D2-BB87-92E63886EFA2}.Ad-Hoc|Any CPU.ActiveCfg = Debug|Any CPU
		{C212A056-8DEF-45D2-BB87-92E63886EFA2}.Ad-Hoc|Any CPU.Build.0 = Debug|Any CPU
		{C212A056-8DEF-45D2-BB87-92E63886EFA2}.Ad-Hoc|ARM.ActiveCfg = Debug|Any CPU
		{C212A056-8DEF-45D2-BB87-92E63886EFA2}.Ad-Hoc|ARM.Build.0 = Debug|Any CPU
		{C212A056-8DEF-45D2-BB87-92E63886EFA2}.Ad-Hoc|iPhone.ActiveCfg = Debug|Any CPU
		{C212A056-8DEF-45D2-BB87-92E63886EFA2}.Ad-Hoc|iPhone.Build.0 = Debug|Any CPU
		{C212A056-8DEF-45D2-BB87-92E63886EFA2}.Ad-Hoc|iPhoneSimulator.ActiveCfg = Debug|Any CPU
		{C212A056-8DEF-45D2-BB87-92E63886EFA2}.Ad-Hoc|iPhoneSimulator.Build.0 = Debug|Any CPU
		{C212A056-8DEF-45D2-BB87-92E63886EFA2}.Ad-Hoc|x64.ActiveCfg = Debug|Any CPU
		{C212A056-8DEF-45D2-BB87-92E63886EFA2}.Ad-Hoc|x64.Build.0 = Debug|Any CPU
		{C212A056-8DEF-45D2-BB87-92E63886EFA2}.Ad-Hoc|x86.ActiveCfg = Debug|Any CPU
		{C212A056-8DEF-45D2-BB87-92E63886EFA2}.Ad-Hoc|x86.Build.0 = Debug|Any CPU
		{C212A056-8DEF-45D2-BB87-92E63886EFA2}.AppStore|Any CPU.ActiveCfg = Debug|Any CPU
		{C212A056-8DEF-45D2-BB87-92E63886EFA2}.AppStore|Any CPU.Build.0 = Debug|Any CPU
		{C212A056-8DEF-45D2-BB87-92E63886EFA2}.AppStore|ARM.ActiveCfg = Debug|Any CPU
		{C212A056-8DEF-45D2-BB87-92E63886EFA2}.AppStore|ARM.Build.0 = Debug|Any CPU
		{C212A056-8DEF-45D2-BB87-92E63886EFA2}.AppStore|iPhone.ActiveCfg = Debug|Any CPU
		{C212A056-8DEF-45D2-BB87-92E63886EFA2}.AppStore|iPhone.Build.0 = Debug|Any CPU
		{C212A056-8DEF-45D2-BB87-92E63886EFA2}.AppStore|iPhoneSimulator.ActiveCfg = Debug|Any CPU
		{C212A056-8DEF-45D2-BB87-92E63886EFA2}.AppStore|iPhoneSimulator.Build.0 = Debug|Any CPU
		{C212A056-8DEF-45D2-BB87-92E63886EFA2}.AppStore|x64.ActiveCfg = Debug|Any CPU
		{C212A056-8DEF-45D2-BB87-92E63886EFA2}.AppStore|x64.Build.0 = Debug|Any CPU
		{C212A056-8DEF-45D2-BB87-92E63886EFA2}.AppStore|x86.ActiveCfg = Debug|Any CPU
		{C212A056-8DEF-45D2-BB87-92E63886EFA2}.AppStore|x86.Build.0 = Debug|Any CPU
		{C212A056-8DEF-45D2-BB87-92E63886EFA2}.Debug|Any CPU.ActiveCfg = Debug|Any CPU
		{C212A056-8DEF-45D2-BB87-92E63886EFA2}.Debug|Any CPU.Build.0 = Debug|Any CPU
		{C212A056-8DEF-45D2-BB87-92E63886EFA2}.Debug|ARM.ActiveCfg = Debug|Any CPU
		{C212A056-8DEF-45D2-BB87-92E63886EFA2}.Debug|ARM.Build.0 = Debug|Any CPU
		{C212A056-8DEF-45D2-BB87-92E63886EFA2}.Debug|iPhone.ActiveCfg = Debug|Any CPU
		{C212A056-8DEF-45D2-BB87-92E63886EFA2}.Debug|iPhone.Build.0 = Debug|Any CPU
		{C212A056-8DEF-45D2-BB87-92E63886EFA2}.Debug|iPhoneSimulator.ActiveCfg = Debug|Any CPU
		{C212A056-8DEF-45D2-BB87-92E63886EFA2}.Debug|iPhoneSimulator.Build.0 = Debug|Any CPU
		{C212A056-8DEF-45D2-BB87-92E63886EFA2}.Debug|x64.ActiveCfg = Debug|Any CPU
		{C212A056-8DEF-45D2-BB87-92E63886EFA2}.Debug|x64.Build.0 = Debug|Any CPU
		{C212A056-8DEF-45D2-BB87-92E63886EFA2}.Debug|x86.ActiveCfg = Debug|Any CPU
		{C212A056-8DEF-45D2-BB87-92E63886EFA2}.Debug|x86.Build.0 = Debug|Any CPU
		{C212A056-8DEF-45D2-BB87-92E63886EFA2}.Release|Any CPU.ActiveCfg = Release|Any CPU
		{C212A056-8DEF-45D2-BB87-92E63886EFA2}.Release|Any CPU.Build.0 = Release|Any CPU
		{C212A056-8DEF-45D2-BB87-92E63886EFA2}.Release|ARM.ActiveCfg = Release|Any CPU
		{C212A056-8DEF-45D2-BB87-92E63886EFA2}.Release|ARM.Build.0 = Release|Any CPU
		{C212A056-8DEF-45D2-BB87-92E63886EFA2}.Release|iPhone.ActiveCfg = Release|Any CPU
		{C212A056-8DEF-45D2-BB87-92E63886EFA2}.Release|iPhone.Build.0 = Release|Any CPU
		{C212A056-8DEF-45D2-BB87-92E63886EFA2}.Release|iPhoneSimulator.ActiveCfg = Release|Any CPU
		{C212A056-8DEF-45D2-BB87-92E63886EFA2}.Release|iPhoneSimulator.Build.0 = Release|Any CPU
		{C212A056-8DEF-45D2-BB87-92E63886EFA2}.Release|x64.ActiveCfg = Release|Any CPU
		{C212A056-8DEF-45D2-BB87-92E63886EFA2}.Release|x64.Build.0 = Release|Any CPU
		{C212A056-8DEF-45D2-BB87-92E63886EFA2}.Release|x86.ActiveCfg = Release|Any CPU
		{C212A056-8DEF-45D2-BB87-92E63886EFA2}.Release|x86.Build.0 = Release|Any CPU
		{D2385CE8-C7E3-40D6-B2DB-8C4A4255A5AC}.Ad-Hoc|Any CPU.ActiveCfg = Debug|Any CPU
		{D2385CE8-C7E3-40D6-B2DB-8C4A4255A5AC}.Ad-Hoc|Any CPU.Build.0 = Debug|Any CPU
		{D2385CE8-C7E3-40D6-B2DB-8C4A4255A5AC}.Ad-Hoc|ARM.ActiveCfg = Debug|Any CPU
		{D2385CE8-C7E3-40D6-B2DB-8C4A4255A5AC}.Ad-Hoc|ARM.Build.0 = Debug|Any CPU
		{D2385CE8-C7E3-40D6-B2DB-8C4A4255A5AC}.Ad-Hoc|iPhone.ActiveCfg = Debug|Any CPU
		{D2385CE8-C7E3-40D6-B2DB-8C4A4255A5AC}.Ad-Hoc|iPhone.Build.0 = Debug|Any CPU
		{D2385CE8-C7E3-40D6-B2DB-8C4A4255A5AC}.Ad-Hoc|iPhoneSimulator.ActiveCfg = Debug|Any CPU
		{D2385CE8-C7E3-40D6-B2DB-8C4A4255A5AC}.Ad-Hoc|iPhoneSimulator.Build.0 = Debug|Any CPU
		{D2385CE8-C7E3-40D6-B2DB-8C4A4255A5AC}.Ad-Hoc|x64.ActiveCfg = Debug|Any CPU
		{D2385CE8-C7E3-40D6-B2DB-8C4A4255A5AC}.Ad-Hoc|x64.Build.0 = Debug|Any CPU
		{D2385CE8-C7E3-40D6-B2DB-8C4A4255A5AC}.Ad-Hoc|x86.ActiveCfg = Debug|Any CPU
		{D2385CE8-C7E3-40D6-B2DB-8C4A4255A5AC}.Ad-Hoc|x86.Build.0 = Debug|Any CPU
		{D2385CE8-C7E3-40D6-B2DB-8C4A4255A5AC}.AppStore|Any CPU.ActiveCfg = Debug|Any CPU
		{D2385CE8-C7E3-40D6-B2DB-8C4A4255A5AC}.AppStore|Any CPU.Build.0 = Debug|Any CPU
		{D2385CE8-C7E3-40D6-B2DB-8C4A4255A5AC}.AppStore|ARM.ActiveCfg = Debug|Any CPU
		{D2385CE8-C7E3-40D6-B2DB-8C4A4255A5AC}.AppStore|ARM.Build.0 = Debug|Any CPU
		{D2385CE8-C7E3-40D6-B2DB-8C4A4255A5AC}.AppStore|iPhone.ActiveCfg = Debug|Any CPU
		{D2385CE8-C7E3-40D6-B2DB-8C4A4255A5AC}.AppStore|iPhone.Build.0 = Debug|Any CPU
		{D2385CE8-C7E3-40D6-B2DB-8C4A4255A5AC}.AppStore|iPhoneSimulator.ActiveCfg = Debug|Any CPU
		{D2385CE8-C7E3-40D6-B2DB-8C4A4255A5AC}.AppStore|iPhoneSimulator.Build.0 = Debug|Any CPU
		{D2385CE8-C7E3-40D6-B2DB-8C4A4255A5AC}.AppStore|x64.ActiveCfg = Debug|Any CPU
		{D2385CE8-C7E3-40D6-B2DB-8C4A4255A5AC}.AppStore|x64.Build.0 = Debug|Any CPU
		{D2385CE8-C7E3-40D6-B2DB-8C4A4255A5AC}.AppStore|x86.ActiveCfg = Debug|Any CPU
		{D2385CE8-C7E3-40D6-B2DB-8C4A4255A5AC}.AppStore|x86.Build.0 = Debug|Any CPU
		{D2385CE8-C7E3-40D6-B2DB-8C4A4255A5AC}.Debug|Any CPU.ActiveCfg = Debug|Any CPU
		{D2385CE8-C7E3-40D6-B2DB-8C4A4255A5AC}.Debug|Any CPU.Build.0 = Debug|Any CPU
		{D2385CE8-C7E3-40D6-B2DB-8C4A4255A5AC}.Debug|ARM.ActiveCfg = Debug|Any CPU
		{D2385CE8-C7E3-40D6-B2DB-8C4A4255A5AC}.Debug|ARM.Build.0 = Debug|Any CPU
		{D2385CE8-C7E3-40D6-B2DB-8C4A4255A5AC}.Debug|iPhone.ActiveCfg = Debug|Any CPU
		{D2385CE8-C7E3-40D6-B2DB-8C4A4255A5AC}.Debug|iPhone.Build.0 = Debug|Any CPU
		{D2385CE8-C7E3-40D6-B2DB-8C4A4255A5AC}.Debug|iPhoneSimulator.ActiveCfg = Debug|Any CPU
		{D2385CE8-C7E3-40D6-B2DB-8C4A4255A5AC}.Debug|iPhoneSimulator.Build.0 = Debug|Any CPU
		{D2385CE8-C7E3-40D6-B2DB-8C4A4255A5AC}.Debug|x64.ActiveCfg = Debug|Any CPU
		{D2385CE8-C7E3-40D6-B2DB-8C4A4255A5AC}.Debug|x64.Build.0 = Debug|Any CPU
		{D2385CE8-C7E3-40D6-B2DB-8C4A4255A5AC}.Debug|x86.ActiveCfg = Debug|Any CPU
		{D2385CE8-C7E3-40D6-B2DB-8C4A4255A5AC}.Debug|x86.Build.0 = Debug|Any CPU
		{D2385CE8-C7E3-40D6-B2DB-8C4A4255A5AC}.Release|Any CPU.ActiveCfg = Release|Any CPU
		{D2385CE8-C7E3-40D6-B2DB-8C4A4255A5AC}.Release|Any CPU.Build.0 = Release|Any CPU
		{D2385CE8-C7E3-40D6-B2DB-8C4A4255A5AC}.Release|ARM.ActiveCfg = Release|Any CPU
		{D2385CE8-C7E3-40D6-B2DB-8C4A4255A5AC}.Release|ARM.Build.0 = Release|Any CPU
		{D2385CE8-C7E3-40D6-B2DB-8C4A4255A5AC}.Release|iPhone.ActiveCfg = Release|Any CPU
		{D2385CE8-C7E3-40D6-B2DB-8C4A4255A5AC}.Release|iPhone.Build.0 = Release|Any CPU
		{D2385CE8-C7E3-40D6-B2DB-8C4A4255A5AC}.Release|iPhoneSimulator.ActiveCfg = Release|Any CPU
		{D2385CE8-C7E3-40D6-B2DB-8C4A4255A5AC}.Release|iPhoneSimulator.Build.0 = Release|Any CPU
		{D2385CE8-C7E3-40D6-B2DB-8C4A4255A5AC}.Release|x64.ActiveCfg = Release|Any CPU
		{D2385CE8-C7E3-40D6-B2DB-8C4A4255A5AC}.Release|x64.Build.0 = Release|Any CPU
		{D2385CE8-C7E3-40D6-B2DB-8C4A4255A5AC}.Release|x86.ActiveCfg = Release|Any CPU
		{D2385CE8-C7E3-40D6-B2DB-8C4A4255A5AC}.Release|x86.Build.0 = Release|Any CPU
	EndGlobalSection
	GlobalSection(SolutionProperties) = preSolution
		HideSolutionNode = FALSE
	EndGlobalSection
	GlobalSection(NestedProjects) = preSolution
		{AE8C616B-8638-4B7F-8EA6-361F0B6B823F} = {ACD7B449-ED19-4B4D-918D-AAB6204A6E68}
		{C4E7F7B7-6078-4407-9E78-7CDD174A9F1D} = {4DF546F0-13E2-45A8-B63D-C28BC0D41A8B}
		{C1FF3E05-FA69-4ABC-96C5-EF9F3089819A} = {ACD7B449-ED19-4B4D-918D-AAB6204A6E68}
		{346D5002-31A8-4465-81B6-303E19C8BEFE} = {ACD7B449-ED19-4B4D-918D-AAB6204A6E68}
		{A2B86F74-693D-416F-841B-61E67F0618AB} = {ACD7B449-ED19-4B4D-918D-AAB6204A6E68}
		{E97E970B-9B46-44FF-A19E-E7B7FA6AA671} = {4DF546F0-13E2-45A8-B63D-C28BC0D41A8B}
		{2D23861D-4EE5-4B72-A8E2-81725B81DE5F} = {ACD7B449-ED19-4B4D-918D-AAB6204A6E68}
		{AF4EDF5B-354C-48DA-AC7D-9715C02E1795} = {024BFFE4-16B8-4603-9614-60882444D954}
		{CE09DF20-2617-4F25-BDE3-B45EEBF3E094} = {024BFFE4-16B8-4603-9614-60882444D954}
		{E664C2D3-8AA5-43A0-BB09-03F79D7A840B} = {024BFFE4-16B8-4603-9614-60882444D954}
		{582E7E23-0E2B-4F3B-95C6-4869066C865E} = {024BFFE4-16B8-4603-9614-60882444D954}
		{5C099FA8-7AF5-4847-AD0E-B82503F69392} = {024BFFE4-16B8-4603-9614-60882444D954}
		{13E9CFFC-2F9E-4D40-B1AE-57F61E815642} = {4DF546F0-13E2-45A8-B63D-C28BC0D41A8B}
		{C212A056-8DEF-45D2-BB87-92E63886EFA2} = {4DF546F0-13E2-45A8-B63D-C28BC0D41A8B}
		{D2385CE8-C7E3-40D6-B2DB-8C4A4255A5AC} = {024BFFE4-16B8-4603-9614-60882444D954}
	EndGlobalSection
	GlobalSection(ExtensibilityGlobals) = postSolution
		SolutionGuid = {D8D6E20C-0DF7-4381-8D35-E9353DEF2945}
	EndGlobalSection
EndGlobal
